{
  "pins" : [
    {
      "identity" : "swift-log",
      "kind" : "remoteSourceControl",
      "location" : "https://github.com/apple/swift-log.git",
      "state" : {
        "revision" : "173f567a2dfec11d74588eea82cecea555bdc0bc",
        "version" : "1.4.0"
      }
    },
    {
      "identity" : "wireguard-apple",
      "kind" : "remoteSourceControl",
      "location" : "https://github.com/mullvad/wireguard-apple.git",
      "state" : {
        "revision" : "a31e50faa79c85e4da054bcc8e1fb05db3b834e6"
      }
    }
  ],
  "version" : 2
}
