{
  "pins" : [
    {
      "identity" : "swift-log",
      "kind" : "remoteSourceControl",
      "location" : "https://github.com/apple/swift-log.git",
      "state" : {
        "revision" : "173f567a2dfec11d74588eea82cecea555bdc0bc",
        "version" : "1.4.0"
      }
    },
    {
      "identity" : "wireguard-apple",
      "kind" : "remoteSourceControl",
      "location" : "https://github.com/mullvad/wireguard-apple.git",
      "state" : {
        "revision" : "6d6f39b6842efa3fc3d0c3d5cf6f6d919442b82f"
      }
    }
  ],
  "version" : 2
}
