Microsoft Visual Studio Solution File, Format Version 12.00
# Visual Studio 15
VisualStudioVersion = 15.0.27130.2027
MinimumVisualStudioVersion = 10.0.40219.1
Project("{8BC9CEB8-8B4A-11D0-8D11-00A0C91BC942}") = "loader", "src\extras\loader\loader.vcxproj", "{1476A8B9-4A9E-4358-8744-A350CB97E152}"
	ProjectSection(ProjectDependencies) = postProject
		{A5344205-FC37-4572-9C63-8564ECC410AC} = {A5344205-FC37-4572-9C63-8564ECC410AC}
		{B52E2D10-A94A-4605-914A-2DCEF6A757EF} = {B52E2D10-A94A-4605-914A-2DCEF6A757EF}
	EndProjectSection
EndProject
Project("{8BC9CEB8-8B4A-11D0-8D11-00A0C91BC942}") = "windns", "src\windns\windns.vcxproj", "{A5344205-FC37-4572-9C63-8564ECC410AC}"
	ProjectSection(ProjectDependencies) = postProject
		{B52E2D10-A94A-4605-914A-2DCEF6A757EF} = {B52E2D10-A94A-4605-914A-2DCEF6A757EF}
	EndProjectSection
EndProject
Project("{8BC9CEB8-8B4A-11D0-8D11-00A0C91BC942}") = "libcommon", "..\windows-libraries\src\libcommon\libcommon.vcxproj", "{B52E2D10-A94A-4605-914A-2DCEF6A757EF}"
EndProject
Global
	GlobalSection(SolutionConfigurationPlatforms) = preSolution
		Debug|x64 = Debug|x64
		Debug|x86 = Debug|x86
		Release|x64 = Release|x64
		Release|x86 = Release|x86
	EndGlobalSection
	GlobalSection(ProjectConfigurationPlatforms) = postSolution
		{1476A8B9-4A9E-4358-8744-A350CB97E152}.Debug|x64.ActiveCfg = Debug|x64
		{1476A8B9-4A9E-4358-8744-A350CB97E152}.Debug|x64.Build.0 = Debug|x64
		{1476A8B9-4A9E-4358-8744-A350CB97E152}.Debug|x86.ActiveCfg = Debug|Win32
		{1476A8B9-4A9E-4358-8744-A350CB97E152}.Debug|x86.Build.0 = Debug|Win32
		{1476A8B9-4A9E-4358-8744-A350CB97E152}.Release|x64.ActiveCfg = Release|x64
		{1476A8B9-4A9E-4358-8744-A350CB97E152}.Release|x64.Build.0 = Release|x64
		{1476A8B9-4A9E-4358-8744-A350CB97E152}.Release|x86.ActiveCfg = Release|Win32
		{1476A8B9-4A9E-4358-8744-A350CB97E152}.Release|x86.Build.0 = Release|Win32
		{A5344205-FC37-4572-9C63-8564ECC410AC}.Debug|x64.ActiveCfg = Debug|x64
		{A5344205-FC37-4572-9C63-8564ECC410AC}.Debug|x64.Build.0 = Debug|x64
		{A5344205-FC37-4572-9C63-8564ECC410AC}.Debug|x86.ActiveCfg = Debug|Win32
		{A5344205-FC37-4572-9C63-8564ECC410AC}.Debug|x86.Build.0 = Debug|Win32
		{A5344205-FC37-4572-9C63-8564ECC410AC}.Release|x64.ActiveCfg = Release|x64
		{A5344205-FC37-4572-9C63-8564ECC410AC}.Release|x64.Build.0 = Release|x64
		{A5344205-FC37-4572-9C63-8564ECC410AC}.Release|x86.ActiveCfg = Release|Win32
		{A5344205-FC37-4572-9C63-8564ECC410AC}.Release|x86.Build.0 = Release|Win32
		{B52E2D10-A94A-4605-914A-2DCEF6A757EF}.Debug|x64.ActiveCfg = Debug|x64
		{B52E2D10-A94A-4605-914A-2DCEF6A757EF}.Debug|x64.Build.0 = Debug|x64
		{B52E2D10-A94A-4605-914A-2DCEF6A757EF}.Debug|x86.ActiveCfg = Debug|Win32
		{B52E2D10-A94A-4605-914A-2DCEF6A757EF}.Debug|x86.Build.0 = Debug|Win32
		{B52E2D10-A94A-4605-914A-2DCEF6A757EF}.Release|x64.ActiveCfg = Release|x64
		{B52E2D10-A94A-4605-914A-2DCEF6A757EF}.Release|x64.Build.0 = Release|x64
		{B52E2D10-A94A-4605-914A-2DCEF6A757EF}.Release|x86.ActiveCfg = Release|Win32
		{B52E2D10-A94A-4605-914A-2DCEF6A757EF}.Release|x86.Build.0 = Release|Win32
	EndGlobalSection
	GlobalSection(SolutionProperties) = preSolution
		HideSolutionNode = FALSE
	EndGlobalSection
	GlobalSection(ExtensibilityGlobals) = postSolution
		SolutionGuid = {16D5A833-BF2F-4049-A7E1-570B792F8148}
	EndGlobalSection
EndGlobal
