<?xml version="1.0" encoding="utf-8"?>
<Project ToolsVersion="4.0" xmlns="http://schemas.microsoft.com/developer/msbuild/2003">
  <ItemGroup>
    <ClCompile Include="dllmain.cpp" />
    <ClCompile Include="stdafx.cpp" />
    <ClCompile Include="winfw.cpp" />
    <ClCompile Include="fwcontext.cpp" />
    <ClCompile Include="sessioncontroller.cpp" />
    <ClCompile Include="mullvadguids.cpp" />
    <ClCompile Include="mullvadobjects.cpp" />
    <ClCompile Include="rules\permitlan.cpp">
      <Filter>rules</Filter>
    </ClCompile>
    <ClCompile Include="rules\blockall.cpp">
      <Filter>rules</Filter>
    </ClCompile>
    <ClCompile Include="rules\permitlanservice.cpp">
      <Filter>rules</Filter>
    </ClCompile>
    <ClCompile Include="rules\permitloopback.cpp">
      <Filter>rules</Filter>
    </ClCompile>
    <ClCompile Include="rules\permitdhcp.cpp">
      <Filter>rules</Filter>
    </ClCompile>
    <ClCompile Include="rules\permitvpnrelay.cpp">
      <Filter>rules</Filter>
    </ClCompile>
    <ClCompile Include="rules\permitvpntunnel.cpp">
      <Filter>rules</Filter>
    </ClCompile>
    <ClCompile Include="sessionrecord.cpp" />
    <ClCompile Include="rules\restrictdns.cpp">
      <Filter>rules</Filter>
    </ClCompile>
    <ClCompile Include="rules\permitvpntunnelservice.cpp">
      <Filter>rules</Filter>
    </ClCompile>
    <ClCompile Include="objectpurger.cpp" />
    <ClCompile Include="rules\permitdhcpserver.cpp">
      <Filter>rules</Filter>
    </ClCompile>
    <ClCompile Include="rules\permitndp.cpp">
      <Filter>rules</Filter>
    </ClCompile>
    <ClCompile Include="rules\permitping.cpp">
      <Filter>rules</Filter>
    </ClCompile>
  </ItemGroup>
  <ItemGroup>
    <ClInclude Include="stdafx.h" />
    <ClInclude Include="targetver.h" />
    <ClInclude Include="winfw.h" />
    <ClInclude Include="fwcontext.h" />
    <ClInclude Include="sessioncontroller.h" />
    <ClInclude Include="mullvadguids.h" />
    <ClInclude Include="mullvadobjects.h" />
    <ClInclude Include="rules\ifirewallrule.h">
      <Filter>rules</Filter>
    </ClInclude>
    <ClInclude Include="rules\permitlan.h">
      <Filter>rules</Filter>
    </ClInclude>
    <ClInclude Include="iobjectinstaller.h" />
    <ClInclude Include="rules\blockall.h">
      <Filter>rules</Filter>
    </ClInclude>
    <ClInclude Include="rules\permitlanservice.h">
      <Filter>rules</Filter>
    </ClInclude>
    <ClInclude Include="rules\permitloopback.h">
      <Filter>rules</Filter>
    </ClInclude>
    <ClInclude Include="rules\permitdhcp.h">
      <Filter>rules</Filter>
    </ClInclude>
    <ClInclude Include="rules\permitvpnrelay.h">
      <Filter>rules</Filter>
    </ClInclude>
    <ClInclude Include="rules\permitvpntunnel.h">
      <Filter>rules</Filter>
    </ClInclude>
    <ClInclude Include="sessionrecord.h" />
    <ClInclude Include="rules\restrictdns.h">
      <Filter>rules</Filter>
    </ClInclude>
    <ClInclude Include="rules\permitvpntunnelservice.h">
      <Filter>rules</Filter>
    </ClInclude>
    <ClInclude Include="wfpobjecttype.h" />
    <ClInclude Include="guidhash.h" />
    <ClInclude Include="objectpurger.h" />
    <ClInclude Include="rules\permitdhcpserver.h">
      <Filter>rules</Filter>
    </ClInclude>
    <ClInclude Include="rules\permitndp.h">
      <Filter>rules</Filter>
    </ClInclude>
    <ClInclude Include="rules\permitping.h">
      <Filter>rules</Filter>
    </ClInclude>
  </ItemGroup>
  <ItemGroup>
    <Filter Include="rules">
      <UniqueIdentifier>{3639a3ba-599e-400c-918b-8869654cdc1f}</UniqueIdentifier>
    </Filter>
  </ItemGroup>
  <ItemGroup>
    <None Include="winfw.def" />
  </ItemGroup>
  <ItemGroup>
    <ResourceCompile Include="winfw.rc" />
  </ItemGroup>
</Project>