<?xml version="1.0" encoding="utf-8"?>
<Project ToolsVersion="4.0" xmlns="http://schemas.microsoft.com/developer/msbuild/2003">
  <ItemGroup>
    <ClCompile Include="dllmain.cpp" />
    <ClCompile Include="stdafx.cpp" />
    <ClCompile Include="winfw.cpp" />
    <ClCompile Include="fwcontext.cpp" />
    <ClCompile Include="sessioncontroller.cpp" />
    <ClCompile Include="mullvadguids.cpp" />
    <ClCompile Include="mullvadobjects.cpp" />
    <ClCompile Include="sessionrecord.cpp" />
    <ClCompile Include="objectpurger.cpp" />
    <ClCompile Include="rules\baseline\blockall.cpp">
      <Filter>rules\baseline</Filter>
    </ClCompile>
    <ClCompile Include="rules\baseline\permitdhcp.cpp">
      <Filter>rules\baseline</Filter>
    </ClCompile>
    <ClCompile Include="rules\baseline\permitdhcpserver.cpp">
      <Filter>rules\baseline</Filter>
    </ClCompile>
    <ClCompile Include="rules\baseline\permitlan.cpp">
      <Filter>rules\baseline</Filter>
    </ClCompile>
    <ClCompile Include="rules\baseline\permitlanservice.cpp">
      <Filter>rules\baseline</Filter>
    </ClCompile>
    <ClCompile Include="rules\baseline\permitloopback.cpp">
      <Filter>rules\baseline</Filter>
    </ClCompile>
    <ClCompile Include="rules\baseline\permitndp.cpp">
      <Filter>rules\baseline</Filter>
    </ClCompile>
    <ClCompile Include="rules\baseline\permitvpntunnel.cpp">
      <Filter>rules\baseline</Filter>
    </ClCompile>
    <ClCompile Include="rules\baseline\permitvpntunnelservice.cpp">
      <Filter>rules\baseline</Filter>
    </ClCompile>
    <ClCompile Include="rules\baseline\permitdns.cpp">
      <Filter>rules\baseline</Filter>
    </ClCompile>
    <ClCompile Include="rules\dns\blockall.cpp">
      <Filter>rules\dns</Filter>
    </ClCompile>
    <ClCompile Include="rules\dns\permitnontunnel.cpp">
      <Filter>rules\dns</Filter>
    </ClCompile>
    <ClCompile Include="rules\dns\permittunnel.cpp">
      <Filter>rules\dns</Filter>
    </ClCompile>
    <ClCompile Include="rules\shared.cpp">
      <Filter>rules</Filter>
    </ClCompile>
    <ClCompile Include="rules\persistent\blockall.cpp">
      <Filter>rules\persistent</Filter>
    </ClCompile>
    <ClCompile Include="rules\baseline\permitendpoint.cpp">
      <Filter>rules\baseline</Filter>
    </ClCompile>
    <ClCompile Include="rules\multi\permitvpnrelay.cpp">
      <Filter>rules\multi</Filter>
    </ClCompile>
    <ClCompile Include="rules\dns\permitloopback.cpp">
      <Filter>rules\dns</Filter>
    </ClCompile>
  </ItemGroup>
  <ItemGroup>
    <ClInclude Include="stdafx.h" />
    <ClInclude Include="targetver.h" />
    <ClInclude Include="winfw.h" />
    <ClInclude Include="fwcontext.h" />
    <ClInclude Include="sessioncontroller.h" />
    <ClInclude Include="mullvadguids.h" />
    <ClInclude Include="mullvadobjects.h" />
    <ClInclude Include="rules\ifirewallrule.h">
      <Filter>rules</Filter>
    </ClInclude>
    <ClInclude Include="iobjectinstaller.h" />
    <ClInclude Include="sessionrecord.h" />
    <ClInclude Include="wfpobjecttype.h" />
    <ClInclude Include="guidhash.h" />
    <ClInclude Include="objectpurger.h" />
    <ClInclude Include="rules\baseline\blockall.h">
      <Filter>rules\baseline</Filter>
    </ClInclude>
    <ClInclude Include="rules\baseline\permitdhcp.h">
      <Filter>rules\baseline</Filter>
    </ClInclude>
    <ClInclude Include="rules\baseline\permitdhcpserver.h">
      <Filter>rules\baseline</Filter>
    </ClInclude>
    <ClInclude Include="rules\baseline\permitlan.h">
      <Filter>rules\baseline</Filter>
    </ClInclude>
    <ClInclude Include="rules\baseline\permitlanservice.h">
      <Filter>rules\baseline</Filter>
    </ClInclude>
    <ClInclude Include="rules\baseline\permitloopback.h">
      <Filter>rules\baseline</Filter>
    </ClInclude>
    <ClInclude Include="rules\baseline\permitndp.h">
      <Filter>rules\baseline</Filter>
    </ClInclude>
    <ClInclude Include="rules\baseline\permitvpntunnel.h">
      <Filter>rules\baseline</Filter>
    </ClInclude>
    <ClInclude Include="rules\baseline\permitvpntunnelservice.h">
      <Filter>rules\baseline</Filter>
    </ClInclude>
    <ClInclude Include="rules\baseline\permitdns.h">
      <Filter>rules\baseline</Filter>
    </ClInclude>
    <ClInclude Include="rules\ports.h">
      <Filter>rules</Filter>
    </ClInclude>
    <ClInclude Include="rules\dns\blockall.h">
      <Filter>rules\dns</Filter>
    </ClInclude>
    <ClInclude Include="rules\dns\permitnontunnel.h">
      <Filter>rules\dns</Filter>
    </ClInclude>
    <ClInclude Include="rules\dns\permittunnel.h">
      <Filter>rules\dns</Filter>
    </ClInclude>
    <ClInclude Include="rules\shared.h">
      <Filter>rules</Filter>
    </ClInclude>
    <ClInclude Include="rules\persistent\blockall.h">
      <Filter>rules\persistent</Filter>
    </ClInclude>
    <ClInclude Include="rules\baseline\permitendpoint.h">
      <Filter>rules\baseline</Filter>
    </ClInclude>
    <ClInclude Include="rules\multi\permitvpnrelay.h">
      <Filter>rules\multi</Filter>
    </ClInclude>
    <ClInclude Include="rules\dns\permitloopback.h">
      <Filter>rules\dns</Filter>
    </ClInclude>
  </ItemGroup>
  <ItemGroup>
    <Filter Include="rules">
      <UniqueIdentifier>{3639a3ba-599e-400c-918b-8869654cdc1f}</UniqueIdentifier>
    </Filter>
    <Filter Include="rules\baseline">
      <UniqueIdentifier>{6f15853c-ccbb-49c0-98ec-add205bc5c2f}</UniqueIdentifier>
    </Filter>
    <Filter Include="rules\dns">
      <UniqueIdentifier>{9b35e8a4-84be-4ac3-9b6f-eb21cc02e065}</UniqueIdentifier>
    </Filter>
    <Filter Include="rules\multi">
      <UniqueIdentifier>{005cce7c-ed9d-4675-8e4f-759c9682b77e}</UniqueIdentifier>
    </Filter>
    <Filter Include="rules\persistent">
      <UniqueIdentifier>{d98577af-1119-4c3a-8a04-d24f461ee61c}</UniqueIdentifier>
    </Filter>
  </ItemGroup>
  <ItemGroup>
    <None Include="winfw.def" />
  </ItemGroup>
  <ItemGroup>
    <ResourceCompile Include="winfw.rc" />
  </ItemGroup>
</Project>