
Microsoft Visual Studio Solution File, Format Version 12.00
# Visual Studio Version 17
VisualStudioVersion = 17.0.32014.148
MinimumVisualStudioVersion = 10.0.40219.1
Project("{8BC9CEB8-8B4A-11D0-8D11-00A0C91BC942}") = "driverlogic", "driverlogic.vcxproj", "{7E04821E-A6EE-4481-8204-6D127E6A8E5E}"
	ProjectSection(ProjectDependencies) = postProject
		{B52E2D10-A94A-4605-914A-2DCEF6A757EF} = {B52E2D10-A94A-4605-914A-2DCEF6A757EF}
	EndProjectSection
EndProject
Project("{8BC9CEB8-8B4A-11D0-8D11-00A0C91BC942}") = "libcommon", "..\windows-libraries\src\libcommon\libcommon.vcxproj", "{B52E2D10-A94A-4605-914A-2DCEF6A757EF}"
EndProject
Global
	GlobalSection(SolutionConfigurationPlatforms) = preSolution
		Debug|x64 = Debug|x64
		Release|x64 = Release|x64
	EndGlobalSection
	GlobalSection(ProjectConfigurationPlatforms) = postSolution
		{7E04821E-A6EE-4481-8204-6D127E6A8E5E}.Debug|x64.ActiveCfg = Debug|x64
		{7E04821E-A6EE-4481-8204-6D127E6A8E5E}.Debug|x64.Build.0 = Debug|x64
		{7E04821E-A6EE-4481-8204-6D127E6A8E5E}.Release|x64.ActiveCfg = Release|x64
		{7E04821E-A6EE-4481-8204-6D127E6A8E5E}.Release|x64.Build.0 = Release|x64
		{B52E2D10-A94A-4605-914A-2DCEF6A757EF}.Debug|x64.ActiveCfg = Debug|x64
		{B52E2D10-A94A-4605-914A-2DCEF6A757EF}.Debug|x64.Build.0 = Debug|x64
		{B52E2D10-A94A-4605-914A-2DCEF6A757EF}.Release|x64.ActiveCfg = Release|x64
		{B52E2D10-A94A-4605-914A-2DCEF6A757EF}.Release|x64.Build.0 = Release|x64
	EndGlobalSection
	GlobalSection(SolutionProperties) = preSolution
		HideSolutionNode = FALSE
	EndGlobalSection
	GlobalSection(ExtensibilityGlobals) = postSolution
		SolutionGuid = {8CECF4BA-51AE-4EAF-AA3D-AD7B391E8A57}
	EndGlobalSection
EndGlobal
