<?xml version="1.0" encoding="utf-8"?>
<Project ToolsVersion="4.0" xmlns="http://schemas.microsoft.com/developer/msbuild/2003">
  <ItemGroup>
    <Filter Include="commands">
      <UniqueIdentifier>{da097053-def0-4a93-a7a3-b62cc761ac4c}</UniqueIdentifier>
    </Filter>
    <Filter Include="commands\list">
      <UniqueIdentifier>{25335122-c3ac-492b-bec2-827f73a5269f}</UniqueIdentifier>
    </Filter>
    <Filter Include="modules">
      <UniqueIdentifier>{e88bc8bf-763d-4c21-b558-18c18c3d01aa}</UniqueIdentifier>
    </Filter>
    <Filter Include="commands\monitor">
      <UniqueIdentifier>{ff50eaf3-6e11-41ad-bae9-24427a025d33}</UniqueIdentifier>
    </Filter>
    <Filter Include="commands\winfw">
      <UniqueIdentifier>{571487f4-437d-4ad1-a409-f2b143f6803e}</UniqueIdentifier>
    </Filter>
  </ItemGroup>
  <ItemGroup>
    <ClInclude Include="modules\imodule.h">
      <Filter>modules</Filter>
    </ClInclude>
    <ClInclude Include="modules\list.h">
      <Filter>modules</Filter>
    </ClInclude>
    <ClInclude Include="commands\icommand.h">
      <Filter>commands</Filter>
    </ClInclude>
    <ClInclude Include="commands\list\sessions.h">
      <Filter>commands\list</Filter>
    </ClInclude>
    <ClInclude Include="modules\module.h">
      <Filter>modules</Filter>
    </ClInclude>
    <ClInclude Include="commands\list\providers.h">
      <Filter>commands\list</Filter>
    </ClInclude>
    <ClInclude Include="commands\list\events.h">
      <Filter>commands\list</Filter>
    </ClInclude>
    <ClInclude Include="commands\list\filters.h">
      <Filter>commands\list</Filter>
    </ClInclude>
    <ClInclude Include="commands\list\layers.h">
      <Filter>commands\list</Filter>
    </ClInclude>
    <ClInclude Include="commands\list\providercontexts.h">
      <Filter>commands\list</Filter>
    </ClInclude>
    <ClInclude Include="commands\list\sublayers.h">
      <Filter>commands\list</Filter>
    </ClInclude>
    <ClInclude Include="filterengineprovider.h" />
    <ClInclude Include="inlineformatter.h" />
    <ClInclude Include="objectproperties.h" />
    <ClInclude Include="propertylist.h" />
    <ClInclude Include="stdafx.h" />
    <ClInclude Include="targetver.h" />
    <ClInclude Include="util.h" />
    <ClInclude Include="modules\monitor.h">
      <Filter>modules</Filter>
    </ClInclude>
    <ClInclude Include="commands\monitor\m_events.h">
      <Filter>commands\monitor</Filter>
    </ClInclude>
    <ClInclude Include="ipropertydecorator.h" />
    <ClInclude Include="propertydecorator.h" />
    <ClInclude Include="commands\winfw\policy.h">
      <Filter>commands\winfw</Filter>
    </ClInclude>
    <ClInclude Include="subcommanddispatcher.h" />
    <ClInclude Include="modules\winfw.h">
      <Filter>modules</Filter>
    </ClInclude>
    <ClInclude Include="commands\winfw\init.h">
      <Filter>commands\winfw</Filter>
    </ClInclude>
    <ClInclude Include="commands\winfw\deinit.h">
      <Filter>commands\winfw</Filter>
    </ClInclude>
  </ItemGroup>
  <ItemGroup>
    <ClCompile Include="commands\list\sessions.cpp">
      <Filter>commands\list</Filter>
    </ClCompile>
    <ClCompile Include="modules\module.cpp">
      <Filter>modules</Filter>
    </ClCompile>
    <ClCompile Include="commands\list\providers.cpp">
      <Filter>commands\list</Filter>
    </ClCompile>
    <ClCompile Include="commands\list\events.cpp">
      <Filter>commands\list</Filter>
    </ClCompile>
    <ClCompile Include="commands\list\filters.cpp">
      <Filter>commands\list</Filter>
    </ClCompile>
    <ClCompile Include="commands\list\layers.cpp">
      <Filter>commands\list</Filter>
    </ClCompile>
    <ClCompile Include="commands\list\providercontexts.cpp">
      <Filter>commands\list</Filter>
    </ClCompile>
    <ClCompile Include="commands\list\sublayers.cpp">
      <Filter>commands\list</Filter>
    </ClCompile>
    <ClCompile Include="cli.cpp" />
    <ClCompile Include="objectproperties.cpp" />
    <ClCompile Include="stdafx.cpp" />
    <ClCompile Include="util.cpp" />
    <ClCompile Include="commands\monitor\m_events.cpp">
      <Filter>commands\monitor</Filter>
    </ClCompile>
    <ClCompile Include="propertydecorator.cpp" />
    <ClCompile Include="commands\winfw\policy.cpp">
      <Filter>commands\winfw</Filter>
    </ClCompile>
    <ClCompile Include="subcommanddispatcher.cpp" />
    <ClCompile Include="commands\winfw\init.cpp">
      <Filter>commands\winfw</Filter>
    </ClCompile>
    <ClCompile Include="commands\winfw\deinit.cpp">
      <Filter>commands\winfw</Filter>
    </ClCompile>
  </ItemGroup>
</Project>