// !$*UTF8*$!
{
	archiveVersion = 1;
	classes = {
	};
	objectVersion = 50;
	objects = {

/* Begin PBXBuildFile section */
		08A905C56DDB0A0A887BB5F5 /* Pods_MullvadVPN.framework in Frameworks */ = {isa = PBXBuildFile; fileRef = 3F506AB938C45AEB812886B4 /* Pods_MullvadVPN.framework */; };
		543203592C79FAD36BC1E700 /* Pods_PacketTunnel.framework in Frameworks */ = {isa = PBXBuildFile; fileRef = A931E0F6F380B4B3FD45D987 /* Pods_PacketTunnel.framework */; };
		581CBCE62296B97300727D7F /* ViewControllerIdentifier.swift in Sources */ = {isa = PBXBuildFile; fileRef = 581CBCE52296B97300727D7F /* ViewControllerIdentifier.swift */; };
		581CBCEC2298041B00727D7F /* SettingsAppVersionCell.swift in Sources */ = {isa = PBXBuildFile; fileRef = 581CBCEB2298041B00727D7F /* SettingsAppVersionCell.swift */; };
		581CBCEE229826FD00727D7F /* StaticTableViewDataSource.swift in Sources */ = {isa = PBXBuildFile; fileRef = 581CBCED229826FD00727D7F /* StaticTableViewDataSource.swift */; };
		582BB1AF229566420055B6EF /* SettingsCell.swift in Sources */ = {isa = PBXBuildFile; fileRef = 582BB1AE229566420055B6EF /* SettingsCell.swift */; };
		582BB1B1229569620055B6EF /* CustomNavigationBar.swift in Sources */ = {isa = PBXBuildFile; fileRef = 582BB1B0229569620055B6EF /* CustomNavigationBar.swift */; };
		582BB1B3229574F40055B6EF /* SettingsAccountCell.swift in Sources */ = {isa = PBXBuildFile; fileRef = 582BB1B2229574F40055B6EF /* SettingsAccountCell.swift */; };
		582BB1B52295780F0055B6EF /* AccountExpiry.swift in Sources */ = {isa = PBXBuildFile; fileRef = 582BB1B42295780F0055B6EF /* AccountExpiry.swift */; };
		5840250122B1124600E4CFEC /* IpAddress+Codable.swift in Sources */ = {isa = PBXBuildFile; fileRef = 5840250022B1124600E4CFEC /* IpAddress+Codable.swift */; };
		5840250222B1124600E4CFEC /* IpAddress+Codable.swift in Sources */ = {isa = PBXBuildFile; fileRef = 5840250022B1124600E4CFEC /* IpAddress+Codable.swift */; };
		58461AD3228D622E00B72ECB /* Account.swift in Sources */ = {isa = PBXBuildFile; fileRef = 58461AD2228D622E00B72ECB /* Account.swift */; };
		58535B85229E89E7004BCBBD /* WeakBox.swift in Sources */ = {isa = PBXBuildFile; fileRef = 58535B84229E89E7004BCBBD /* WeakBox.swift */; };
		5862805422428EF100F5A6E1 /* TranslucentButtonBlurView.swift in Sources */ = {isa = PBXBuildFile; fileRef = 5862805322428EF100F5A6E1 /* TranslucentButtonBlurView.swift */; };
		5867A51C2248F26A005513C0 /* SegueIdentifier.swift in Sources */ = {isa = PBXBuildFile; fileRef = 5867A51B2248F26A005513C0 /* SegueIdentifier.swift */; };
		58723E7522A54CB2009837F5 /* libwg-go.a in Frameworks */ = {isa = PBXBuildFile; fileRef = 58723E7422A54C63009837F5 /* libwg-go.a */; };
		587425C12299833500CA2045 /* RootContainerViewController.swift in Sources */ = {isa = PBXBuildFile; fileRef = 587425C02299833500CA2045 /* RootContainerViewController.swift */; };
		58781CC622AE5F4B009B9D8E /* ProcedureKit+Patches.swift in Sources */ = {isa = PBXBuildFile; fileRef = 58781CC522AE5F4B009B9D8E /* ProcedureKit+Patches.swift */; };
		58781CC722AE602B009B9D8E /* ProcedureKit+Patches.swift in Sources */ = {isa = PBXBuildFile; fileRef = 58781CC522AE5F4B009B9D8E /* ProcedureKit+Patches.swift */; };
		587B08E0229433EB000E6F17 /* LoginState.swift in Sources */ = {isa = PBXBuildFile; fileRef = 587B08DF229433EB000E6F17 /* LoginState.swift */; };
		587B08E2229460C1000E6F17 /* WebLinks.swift in Sources */ = {isa = PBXBuildFile; fileRef = 587B08E1229460C1000E6F17 /* WebLinks.swift */; };
		587CBFE322807F530028DED3 /* UIColor+Helpers.swift in Sources */ = {isa = PBXBuildFile; fileRef = 587CBFE222807F530028DED3 /* UIColor+Helpers.swift */; };
		5888AD7F2279B6BF0051EB06 /* RelayStatusIndicatorView.swift in Sources */ = {isa = PBXBuildFile; fileRef = 5888AD7E2279B6BF0051EB06 /* RelayStatusIndicatorView.swift */; };
		5888AD83227B11080051EB06 /* SelectLocationCell.swift in Sources */ = {isa = PBXBuildFile; fileRef = 5888AD82227B11080051EB06 /* SelectLocationCell.swift */; };
		5888AD87227B17950051EB06 /* SelectLocationController.swift in Sources */ = {isa = PBXBuildFile; fileRef = 5888AD86227B17950051EB06 /* SelectLocationController.swift */; };
		5888AD89227B18C40051EB06 /* RelayList.swift in Sources */ = {isa = PBXBuildFile; fileRef = 5888AD88227B18C40051EB06 /* RelayList.swift */; };
		5894FC492296A8090017471D /* CustomButton.swift in Sources */ = {isa = PBXBuildFile; fileRef = 5894FC482296A8090017471D /* CustomButton.swift */; };
		589AB4F7227B64450039131E /* BasicTableViewCell.swift in Sources */ = {isa = PBXBuildFile; fileRef = 589AB4F6227B64450039131E /* BasicTableViewCell.swift */; };
		58ADDB3C227B1BD200FAFEA7 /* JsonRpc.swift in Sources */ = {isa = PBXBuildFile; fileRef = 58ADDB3B227B1BD200FAFEA7 /* JsonRpc.swift */; };
		58ADDB3E227B1CD900FAFEA7 /* MullvadAPI.swift in Sources */ = {isa = PBXBuildFile; fileRef = 58ADDB3D227B1CD900FAFEA7 /* MullvadAPI.swift */; };
		58ADDB40227B1E7100FAFEA7 /* Optional+Unwrap.swift in Sources */ = {isa = PBXBuildFile; fileRef = 58ADDB3F227B1E7100FAFEA7 /* Optional+Unwrap.swift */; };
		58B8743222B25A7600015324 /* WireguardAssociatedAddresses.swift in Sources */ = {isa = PBXBuildFile; fileRef = 58B8743122B25A7600015324 /* WireguardAssociatedAddresses.swift */; };
		58BFA5C022A7C8A900A6173D /* MullvadAPI.swift in Sources */ = {isa = PBXBuildFile; fileRef = 58ADDB3D227B1CD900FAFEA7 /* MullvadAPI.swift */; };
		58BFA5C122A7C92400A6173D /* JsonRequestProcedure.swift in Sources */ = {isa = PBXBuildFile; fileRef = 58F19E30228B2AEB00C7710B /* JsonRequestProcedure.swift */; };
		58BFA5C222A7C92900A6173D /* JsonRpc.swift in Sources */ = {isa = PBXBuildFile; fileRef = 58ADDB3B227B1BD200FAFEA7 /* JsonRpc.swift */; };
		58BFA5C322A7C93400A6173D /* RelayList.swift in Sources */ = {isa = PBXBuildFile; fileRef = 5888AD88227B18C40051EB06 /* RelayList.swift */; };
		58BFA5C622A7C97F00A6173D /* RelayCache.swift in Sources */ = {isa = PBXBuildFile; fileRef = 58BFA5C522A7C97F00A6173D /* RelayCache.swift */; };
		58BFA5C722A7C97F00A6173D /* RelayCache.swift in Sources */ = {isa = PBXBuildFile; fileRef = 58BFA5C522A7C97F00A6173D /* RelayCache.swift */; };
		58BFA5CC22A7CE1F00A6173D /* ApplicationConfiguration.swift in Sources */ = {isa = PBXBuildFile; fileRef = 58BFA5CB22A7CE1F00A6173D /* ApplicationConfiguration.swift */; };
		58BFA5CD22A7CE1F00A6173D /* ApplicationConfiguration.swift in Sources */ = {isa = PBXBuildFile; fileRef = 58BFA5CB22A7CE1F00A6173D /* ApplicationConfiguration.swift */; };
		58C3A4B222456F1B00340BDB /* AccountInputGroupView.swift in Sources */ = {isa = PBXBuildFile; fileRef = 58C3A4B122456F1A00340BDB /* AccountInputGroupView.swift */; };
		58C6B34F22BB7AC0003C19AD /* IPAddressRange.swift in Sources */ = {isa = PBXBuildFile; fileRef = 58C6B34E22BB7AC0003C19AD /* IPAddressRange.swift */; };
		58C6B35122BB7CFD003C19AD /* IPAddressRange.swift in Sources */ = {isa = PBXBuildFile; fileRef = 58C6B34E22BB7AC0003C19AD /* IPAddressRange.swift */; };
		58CCA010224249A1004F3011 /* ConnectViewController.swift in Sources */ = {isa = PBXBuildFile; fileRef = 58CCA00F224249A1004F3011 /* ConnectViewController.swift */; };
		58CCA01222424D11004F3011 /* SettingsViewController.swift in Sources */ = {isa = PBXBuildFile; fileRef = 58CCA01122424D11004F3011 /* SettingsViewController.swift */; };
		58CCA0162242560B004F3011 /* UIColor+Palette.swift in Sources */ = {isa = PBXBuildFile; fileRef = 58CCA0152242560B004F3011 /* UIColor+Palette.swift */; };
		58CCA01822426713004F3011 /* AccountViewController.swift in Sources */ = {isa = PBXBuildFile; fileRef = 58CCA01722426713004F3011 /* AccountViewController.swift */; };
		58CCA01E2242787B004F3011 /* AccountTextField.swift in Sources */ = {isa = PBXBuildFile; fileRef = 58CCA01D2242787B004F3011 /* AccountTextField.swift */; };
		58CE5E64224146200008646E /* AppDelegate.swift in Sources */ = {isa = PBXBuildFile; fileRef = 58CE5E63224146200008646E /* AppDelegate.swift */; };
		58CE5E66224146200008646E /* LoginViewController.swift in Sources */ = {isa = PBXBuildFile; fileRef = 58CE5E65224146200008646E /* LoginViewController.swift */; };
		58CE5E69224146200008646E /* Main.storyboard in Resources */ = {isa = PBXBuildFile; fileRef = 58CE5E67224146200008646E /* Main.storyboard */; };
		58CE5E6B224146210008646E /* Assets.xcassets in Resources */ = {isa = PBXBuildFile; fileRef = 58CE5E6A224146210008646E /* Assets.xcassets */; };
		58CE5E6E224146210008646E /* LaunchScreen.storyboard in Resources */ = {isa = PBXBuildFile; fileRef = 58CE5E6C224146210008646E /* LaunchScreen.storyboard */; };
		58CE5E7C224146470008646E /* PacketTunnelProvider.swift in Sources */ = {isa = PBXBuildFile; fileRef = 58CE5E7B224146470008646E /* PacketTunnelProvider.swift */; };
		58CE5E81224146470008646E /* PacketTunnel.appex in Embed App Extensions */ = {isa = PBXBuildFile; fileRef = 58CE5E79224146470008646E /* PacketTunnel.appex */; settings = {ATTRIBUTES = (RemoveHeadersOnCopy, ); }; };
		58D06EA82302E1A1000C75C6 /* WireguardAssociatedAddresses.swift in Sources */ = {isa = PBXBuildFile; fileRef = 58B8743122B25A7600015324 /* WireguardAssociatedAddresses.swift */; };
		58D06EA92302E1A8000C75C6 /* RelayList.swift in Sources */ = {isa = PBXBuildFile; fileRef = 5888AD88227B18C40051EB06 /* RelayList.swift */; };
		58D06EAA2302E1B0000C75C6 /* AccountVerificationProcedure.swift in Sources */ = {isa = PBXBuildFile; fileRef = 58F19E32228B383300C7710B /* AccountVerificationProcedure.swift */; };
		58F19E31228B2AEB00C7710B /* JsonRequestProcedure.swift in Sources */ = {isa = PBXBuildFile; fileRef = 58F19E30228B2AEB00C7710B /* JsonRequestProcedure.swift */; };
		58F19E33228B383300C7710B /* AccountVerificationProcedure.swift in Sources */ = {isa = PBXBuildFile; fileRef = 58F19E32228B383300C7710B /* AccountVerificationProcedure.swift */; };
		58F19E35228C15BA00C7710B /* SpinnerActivityIndicatorView.swift in Sources */ = {isa = PBXBuildFile; fileRef = 58F19E34228C15BA00C7710B /* SpinnerActivityIndicatorView.swift */; };
		58F83F08229D3F560086FCE3 /* AccountExpiryRefresh.swift in Sources */ = {isa = PBXBuildFile; fileRef = 58F83F07229D3F560086FCE3 /* AccountExpiryRefresh.swift */; };
		58FFE444228C82A00036F391 /* UserDefaultsInteractor.swift in Sources */ = {isa = PBXBuildFile; fileRef = 58FFE443228C82A00036F391 /* UserDefaultsInteractor.swift */; };
/* End PBXBuildFile section */

/* Begin PBXContainerItemProxy section */
		58CE5E7F224146470008646E /* PBXContainerItemProxy */ = {
			isa = PBXContainerItemProxy;
			containerPortal = 58CE5E58224146200008646E /* Project object */;
			proxyType = 1;
			remoteGlobalIDString = 58CE5E78224146470008646E;
			remoteInfo = PacketTunnel;
		};
		58FBDAA122A52A6800EB69A3 /* PBXContainerItemProxy */ = {
			isa = PBXContainerItemProxy;
			containerPortal = 58CE5E58224146200008646E /* Project object */;
			proxyType = 1;
			remoteGlobalIDString = 58FBDA9722A519BC00EB69A3;
			remoteInfo = WireGuardGoBridge;
		};
/* End PBXContainerItemProxy section */

/* Begin PBXCopyFilesBuildPhase section */
		58CE5E85224146470008646E /* Embed App Extensions */ = {
			isa = PBXCopyFilesBuildPhase;
			buildActionMask = 2147483647;
			dstPath = "";
			dstSubfolderSpec = 13;
			files = (
				58CE5E81224146470008646E /* PacketTunnel.appex in Embed App Extensions */,
			);
			name = "Embed App Extensions";
			runOnlyForDeploymentPostprocessing = 0;
		};
/* End PBXCopyFilesBuildPhase section */

/* Begin PBXFileReference section */
		3F506AB938C45AEB812886B4 /* Pods_MullvadVPN.framework */ = {isa = PBXFileReference; explicitFileType = wrapper.framework; includeInIndex = 0; path = Pods_MullvadVPN.framework; sourceTree = BUILT_PRODUCTS_DIR; };
		40D54D8A8B75B67DC37C5CCE /* Pods-PacketTunnel.release.xcconfig */ = {isa = PBXFileReference; includeInIndex = 1; lastKnownFileType = text.xcconfig; name = "Pods-PacketTunnel.release.xcconfig"; path = "Target Support Files/Pods-PacketTunnel/Pods-PacketTunnel.release.xcconfig"; sourceTree = "<group>"; };
		581CBCE52296B97300727D7F /* ViewControllerIdentifier.swift */ = {isa = PBXFileReference; lastKnownFileType = sourcecode.swift; path = ViewControllerIdentifier.swift; sourceTree = "<group>"; };
		581CBCEB2298041B00727D7F /* SettingsAppVersionCell.swift */ = {isa = PBXFileReference; fileEncoding = 4; lastKnownFileType = sourcecode.swift; path = SettingsAppVersionCell.swift; sourceTree = "<group>"; };
		581CBCED229826FD00727D7F /* StaticTableViewDataSource.swift */ = {isa = PBXFileReference; lastKnownFileType = sourcecode.swift; path = StaticTableViewDataSource.swift; sourceTree = "<group>"; };
		582BB1AE229566420055B6EF /* SettingsCell.swift */ = {isa = PBXFileReference; fileEncoding = 4; lastKnownFileType = sourcecode.swift; path = SettingsCell.swift; sourceTree = "<group>"; };
		582BB1B0229569620055B6EF /* CustomNavigationBar.swift */ = {isa = PBXFileReference; lastKnownFileType = sourcecode.swift; path = CustomNavigationBar.swift; sourceTree = "<group>"; };
		582BB1B2229574F40055B6EF /* SettingsAccountCell.swift */ = {isa = PBXFileReference; lastKnownFileType = sourcecode.swift; path = SettingsAccountCell.swift; sourceTree = "<group>"; };
		582BB1B42295780F0055B6EF /* AccountExpiry.swift */ = {isa = PBXFileReference; lastKnownFileType = sourcecode.swift; path = AccountExpiry.swift; sourceTree = "<group>"; };
		5840250022B1124600E4CFEC /* IpAddress+Codable.swift */ = {isa = PBXFileReference; lastKnownFileType = sourcecode.swift; path = "IpAddress+Codable.swift"; sourceTree = "<group>"; };
		58461AD2228D622E00B72ECB /* Account.swift */ = {isa = PBXFileReference; lastKnownFileType = sourcecode.swift; path = Account.swift; sourceTree = "<group>"; };
		58535B84229E89E7004BCBBD /* WeakBox.swift */ = {isa = PBXFileReference; lastKnownFileType = sourcecode.swift; path = WeakBox.swift; sourceTree = "<group>"; };
		5862805322428EF100F5A6E1 /* TranslucentButtonBlurView.swift */ = {isa = PBXFileReference; lastKnownFileType = sourcecode.swift; path = TranslucentButtonBlurView.swift; sourceTree = "<group>"; };
		5866F39B2243B82D00168AE5 /* MullvadVPN.entitlements */ = {isa = PBXFileReference; lastKnownFileType = text.plist.entitlements; path = MullvadVPN.entitlements; sourceTree = "<group>"; };
		5867A51B2248F26A005513C0 /* SegueIdentifier.swift */ = {isa = PBXFileReference; lastKnownFileType = sourcecode.swift; path = SegueIdentifier.swift; sourceTree = "<group>"; };
		58723E7422A54C63009837F5 /* libwg-go.a */ = {isa = PBXFileReference; lastKnownFileType = archive.ar; path = "libwg-go.a"; sourceTree = BUILT_PRODUCTS_DIR; };
		587425C02299833500CA2045 /* RootContainerViewController.swift */ = {isa = PBXFileReference; lastKnownFileType = sourcecode.swift; path = RootContainerViewController.swift; sourceTree = "<group>"; };
		58781CC522AE5F4B009B9D8E /* ProcedureKit+Patches.swift */ = {isa = PBXFileReference; lastKnownFileType = sourcecode.swift; path = "ProcedureKit+Patches.swift"; sourceTree = "<group>"; };
		587B08DF229433EB000E6F17 /* LoginState.swift */ = {isa = PBXFileReference; lastKnownFileType = sourcecode.swift; path = LoginState.swift; sourceTree = "<group>"; };
		587B08E1229460C1000E6F17 /* WebLinks.swift */ = {isa = PBXFileReference; lastKnownFileType = sourcecode.swift; path = WebLinks.swift; sourceTree = "<group>"; };
		587CBFE222807F530028DED3 /* UIColor+Helpers.swift */ = {isa = PBXFileReference; lastKnownFileType = sourcecode.swift; path = "UIColor+Helpers.swift"; sourceTree = "<group>"; };
		5888AD7E2279B6BF0051EB06 /* RelayStatusIndicatorView.swift */ = {isa = PBXFileReference; lastKnownFileType = sourcecode.swift; path = RelayStatusIndicatorView.swift; sourceTree = "<group>"; };
		5888AD82227B11080051EB06 /* SelectLocationCell.swift */ = {isa = PBXFileReference; lastKnownFileType = sourcecode.swift; path = SelectLocationCell.swift; sourceTree = "<group>"; };
		5888AD86227B17950051EB06 /* SelectLocationController.swift */ = {isa = PBXFileReference; lastKnownFileType = sourcecode.swift; path = SelectLocationController.swift; sourceTree = "<group>"; };
		5888AD88227B18C40051EB06 /* RelayList.swift */ = {isa = PBXFileReference; lastKnownFileType = sourcecode.swift; path = RelayList.swift; sourceTree = "<group>"; };
		5894FC482296A8090017471D /* CustomButton.swift */ = {isa = PBXFileReference; lastKnownFileType = sourcecode.swift; path = CustomButton.swift; sourceTree = "<group>"; };
		589AB4F6227B64450039131E /* BasicTableViewCell.swift */ = {isa = PBXFileReference; lastKnownFileType = sourcecode.swift; path = BasicTableViewCell.swift; sourceTree = "<group>"; };
		58ADDB3B227B1BD200FAFEA7 /* JsonRpc.swift */ = {isa = PBXFileReference; lastKnownFileType = sourcecode.swift; path = JsonRpc.swift; sourceTree = "<group>"; };
		58ADDB3D227B1CD900FAFEA7 /* MullvadAPI.swift */ = {isa = PBXFileReference; lastKnownFileType = sourcecode.swift; path = MullvadAPI.swift; sourceTree = "<group>"; };
		58ADDB3F227B1E7100FAFEA7 /* Optional+Unwrap.swift */ = {isa = PBXFileReference; lastKnownFileType = sourcecode.swift; path = "Optional+Unwrap.swift"; sourceTree = "<group>"; };
		58B8743122B25A7600015324 /* WireguardAssociatedAddresses.swift */ = {isa = PBXFileReference; lastKnownFileType = sourcecode.swift; path = WireguardAssociatedAddresses.swift; sourceTree = "<group>"; };
		58BFA5C522A7C97F00A6173D /* RelayCache.swift */ = {isa = PBXFileReference; lastKnownFileType = sourcecode.swift; path = RelayCache.swift; sourceTree = "<group>"; };
		58BFA5CB22A7CE1F00A6173D /* ApplicationConfiguration.swift */ = {isa = PBXFileReference; lastKnownFileType = sourcecode.swift; path = ApplicationConfiguration.swift; sourceTree = "<group>"; };
		58C3A4B122456F1A00340BDB /* AccountInputGroupView.swift */ = {isa = PBXFileReference; lastKnownFileType = sourcecode.swift; path = AccountInputGroupView.swift; sourceTree = "<group>"; };
		58C6B34E22BB7AC0003C19AD /* IPAddressRange.swift */ = {isa = PBXFileReference; lastKnownFileType = sourcecode.swift; path = IPAddressRange.swift; sourceTree = "<group>"; };
		58CCA00F224249A1004F3011 /* ConnectViewController.swift */ = {isa = PBXFileReference; lastKnownFileType = sourcecode.swift; path = ConnectViewController.swift; sourceTree = "<group>"; };
		58CCA01122424D11004F3011 /* SettingsViewController.swift */ = {isa = PBXFileReference; lastKnownFileType = sourcecode.swift; path = SettingsViewController.swift; sourceTree = "<group>"; };
		58CCA0152242560B004F3011 /* UIColor+Palette.swift */ = {isa = PBXFileReference; lastKnownFileType = sourcecode.swift; path = "UIColor+Palette.swift"; sourceTree = "<group>"; };
		58CCA01722426713004F3011 /* AccountViewController.swift */ = {isa = PBXFileReference; lastKnownFileType = sourcecode.swift; path = AccountViewController.swift; sourceTree = "<group>"; };
		58CCA01D2242787B004F3011 /* AccountTextField.swift */ = {isa = PBXFileReference; lastKnownFileType = sourcecode.swift; path = AccountTextField.swift; sourceTree = "<group>"; };
		58CE5E60224146200008646E /* MullvadVPN.app */ = {isa = PBXFileReference; explicitFileType = wrapper.application; includeInIndex = 0; path = MullvadVPN.app; sourceTree = BUILT_PRODUCTS_DIR; };
		58CE5E63224146200008646E /* AppDelegate.swift */ = {isa = PBXFileReference; lastKnownFileType = sourcecode.swift; path = AppDelegate.swift; sourceTree = "<group>"; };
		58CE5E65224146200008646E /* LoginViewController.swift */ = {isa = PBXFileReference; lastKnownFileType = sourcecode.swift; path = LoginViewController.swift; sourceTree = "<group>"; };
		58CE5E68224146200008646E /* Base */ = {isa = PBXFileReference; lastKnownFileType = file.storyboard; name = Base; path = Base.lproj/Main.storyboard; sourceTree = "<group>"; };
		58CE5E6A224146210008646E /* Assets.xcassets */ = {isa = PBXFileReference; lastKnownFileType = folder.assetcatalog; path = Assets.xcassets; sourceTree = "<group>"; };
		58CE5E6D224146210008646E /* Base */ = {isa = PBXFileReference; lastKnownFileType = file.storyboard; name = Base; path = Base.lproj/LaunchScreen.storyboard; sourceTree = "<group>"; };
		58CE5E6F224146210008646E /* Info.plist */ = {isa = PBXFileReference; lastKnownFileType = text.plist.xml; path = Info.plist; sourceTree = "<group>"; };
		58CE5E79224146470008646E /* PacketTunnel.appex */ = {isa = PBXFileReference; explicitFileType = "wrapper.app-extension"; includeInIndex = 0; path = PacketTunnel.appex; sourceTree = BUILT_PRODUCTS_DIR; };
		58CE5E7B224146470008646E /* PacketTunnelProvider.swift */ = {isa = PBXFileReference; lastKnownFileType = sourcecode.swift; path = PacketTunnelProvider.swift; sourceTree = "<group>"; };
		58CE5E7D224146470008646E /* Info.plist */ = {isa = PBXFileReference; lastKnownFileType = text.plist.xml; path = Info.plist; sourceTree = "<group>"; };
		58CE5E7E224146470008646E /* PacketTunnel.entitlements */ = {isa = PBXFileReference; lastKnownFileType = text.plist.entitlements; path = PacketTunnel.entitlements; sourceTree = "<group>"; };
		58F19E30228B2AEB00C7710B /* JsonRequestProcedure.swift */ = {isa = PBXFileReference; lastKnownFileType = sourcecode.swift; path = JsonRequestProcedure.swift; sourceTree = "<group>"; };
		58F19E32228B383300C7710B /* AccountVerificationProcedure.swift */ = {isa = PBXFileReference; lastKnownFileType = sourcecode.swift; path = AccountVerificationProcedure.swift; sourceTree = "<group>"; };
		58F19E34228C15BA00C7710B /* SpinnerActivityIndicatorView.swift */ = {isa = PBXFileReference; lastKnownFileType = sourcecode.swift; path = SpinnerActivityIndicatorView.swift; sourceTree = "<group>"; };
		58F83F07229D3F560086FCE3 /* AccountExpiryRefresh.swift */ = {isa = PBXFileReference; lastKnownFileType = sourcecode.swift; path = AccountExpiryRefresh.swift; sourceTree = "<group>"; };
		58FBDAA422A52BDA00EB69A3 /* PacketTunnel-Bridging-Header.h */ = {isa = PBXFileReference; lastKnownFileType = sourcecode.c.h; path = "PacketTunnel-Bridging-Header.h"; sourceTree = "<group>"; };
		58FBDAAA22A52DC500EB69A3 /* MullvadVPN-Bridging-Header.h */ = {isa = PBXFileReference; lastKnownFileType = sourcecode.c.h; path = "MullvadVPN-Bridging-Header.h"; sourceTree = "<group>"; };
		58FFE443228C82A00036F391 /* UserDefaultsInteractor.swift */ = {isa = PBXFileReference; lastKnownFileType = sourcecode.swift; path = UserDefaultsInteractor.swift; sourceTree = "<group>"; };
		627D4CE562B85202FCFA0EB1 /* Pods-MullvadVPN.debug.xcconfig */ = {isa = PBXFileReference; includeInIndex = 1; lastKnownFileType = text.xcconfig; name = "Pods-MullvadVPN.debug.xcconfig"; path = "Target Support Files/Pods-MullvadVPN/Pods-MullvadVPN.debug.xcconfig"; sourceTree = "<group>"; };
		9F1362F46063B1D06EB0C685 /* Pods-PacketTunnel.debug.xcconfig */ = {isa = PBXFileReference; includeInIndex = 1; lastKnownFileType = text.xcconfig; name = "Pods-PacketTunnel.debug.xcconfig"; path = "Target Support Files/Pods-PacketTunnel/Pods-PacketTunnel.debug.xcconfig"; sourceTree = "<group>"; };
		A931E0F6F380B4B3FD45D987 /* Pods_PacketTunnel.framework */ = {isa = PBXFileReference; explicitFileType = wrapper.framework; includeInIndex = 0; path = Pods_PacketTunnel.framework; sourceTree = BUILT_PRODUCTS_DIR; };
		DBBD45CCF670C9D1C5C1AD03 /* Pods-MullvadVPN.release.xcconfig */ = {isa = PBXFileReference; includeInIndex = 1; lastKnownFileType = text.xcconfig; name = "Pods-MullvadVPN.release.xcconfig"; path = "Target Support Files/Pods-MullvadVPN/Pods-MullvadVPN.release.xcconfig"; sourceTree = "<group>"; };
/* End PBXFileReference section */

/* Begin PBXFrameworksBuildPhase section */
		58CE5E5D224146200008646E /* Frameworks */ = {
			isa = PBXFrameworksBuildPhase;
			buildActionMask = 2147483647;
			files = (
				08A905C56DDB0A0A887BB5F5 /* Pods_MullvadVPN.framework in Frameworks */,
			);
			runOnlyForDeploymentPostprocessing = 0;
		};
		58CE5E76224146470008646E /* Frameworks */ = {
			isa = PBXFrameworksBuildPhase;
			buildActionMask = 2147483647;
			files = (
				543203592C79FAD36BC1E700 /* Pods_PacketTunnel.framework in Frameworks */,
				58723E7522A54CB2009837F5 /* libwg-go.a in Frameworks */,
			);
			runOnlyForDeploymentPostprocessing = 0;
		};
/* End PBXFrameworksBuildPhase section */

/* Begin PBXGroup section */
		0E15C74FDCF763609B367486 /* Frameworks */ = {
			isa = PBXGroup;
			children = (
				3F506AB938C45AEB812886B4 /* Pods_MullvadVPN.framework */,
				A931E0F6F380B4B3FD45D987 /* Pods_PacketTunnel.framework */,
			);
			name = Frameworks;
			sourceTree = "<group>";
		};
		58CE5E57224146200008646E = {
			isa = PBXGroup;
			children = (
				58CE5E62224146200008646E /* MullvadVPN */,
				58CE5E7A224146470008646E /* PacketTunnel */,
				58CE5E61224146200008646E /* Products */,
				EA56DDD29D7312EAC382022A /* Pods */,
				0E15C74FDCF763609B367486 /* Frameworks */,
			);
			sourceTree = "<group>";
		};
		58CE5E61224146200008646E /* Products */ = {
			isa = PBXGroup;
			children = (
				58723E7422A54C63009837F5 /* libwg-go.a */,
				58CE5E60224146200008646E /* MullvadVPN.app */,
				58CE5E79224146470008646E /* PacketTunnel.appex */,
			);
			name = Products;
			sourceTree = "<group>";
		};
		58CE5E62224146200008646E /* MullvadVPN */ = {
			isa = PBXGroup;
			children = (
				58461AD2228D622E00B72ECB /* Account.swift */,
				582BB1B42295780F0055B6EF /* AccountExpiry.swift */,
				58F83F07229D3F560086FCE3 /* AccountExpiryRefresh.swift */,
				58C3A4B122456F1A00340BDB /* AccountInputGroupView.swift */,
				58CCA01D2242787B004F3011 /* AccountTextField.swift */,
				58F19E32228B383300C7710B /* AccountVerificationProcedure.swift */,
				58CCA01722426713004F3011 /* AccountViewController.swift */,
				58CE5E63224146200008646E /* AppDelegate.swift */,
				58BFA5CB22A7CE1F00A6173D /* ApplicationConfiguration.swift */,
				58CE5E6A224146210008646E /* Assets.xcassets */,
				589AB4F6227B64450039131E /* BasicTableViewCell.swift */,
				58CCA00F224249A1004F3011 /* ConnectViewController.swift */,
				5894FC482296A8090017471D /* CustomButton.swift */,
				582BB1B0229569620055B6EF /* CustomNavigationBar.swift */,
				58CE5E6F224146210008646E /* Info.plist */,
				5840250022B1124600E4CFEC /* IpAddress+Codable.swift */,
				58C6B34E22BB7AC0003C19AD /* IPAddressRange.swift */,
				58F19E30228B2AEB00C7710B /* JsonRequestProcedure.swift */,
				58ADDB3B227B1BD200FAFEA7 /* JsonRpc.swift */,
				58CE5E6C224146210008646E /* LaunchScreen.storyboard */,
				587B08DF229433EB000E6F17 /* LoginState.swift */,
				58CE5E65224146200008646E /* LoginViewController.swift */,
				58CE5E67224146200008646E /* Main.storyboard */,
				58ADDB3D227B1CD900FAFEA7 /* MullvadAPI.swift */,
				5866F39B2243B82D00168AE5 /* MullvadVPN.entitlements */,
				58ADDB3F227B1E7100FAFEA7 /* Optional+Unwrap.swift */,
				58781CC522AE5F4B009B9D8E /* ProcedureKit+Patches.swift */,
				58BFA5C522A7C97F00A6173D /* RelayCache.swift */,
				5888AD88227B18C40051EB06 /* RelayList.swift */,
				5888AD7E2279B6BF0051EB06 /* RelayStatusIndicatorView.swift */,
				587425C02299833500CA2045 /* RootContainerViewController.swift */,
				5867A51B2248F26A005513C0 /* SegueIdentifier.swift */,
				5888AD82227B11080051EB06 /* SelectLocationCell.swift */,
				5888AD86227B17950051EB06 /* SelectLocationController.swift */,
				582BB1B2229574F40055B6EF /* SettingsAccountCell.swift */,
				581CBCEB2298041B00727D7F /* SettingsAppVersionCell.swift */,
				582BB1AE229566420055B6EF /* SettingsCell.swift */,
				58CCA01122424D11004F3011 /* SettingsViewController.swift */,
				58F19E34228C15BA00C7710B /* SpinnerActivityIndicatorView.swift */,
				581CBCED229826FD00727D7F /* StaticTableViewDataSource.swift */,
				5862805322428EF100F5A6E1 /* TranslucentButtonBlurView.swift */,
				587CBFE222807F530028DED3 /* UIColor+Helpers.swift */,
				58CCA0152242560B004F3011 /* UIColor+Palette.swift */,
				58FFE443228C82A00036F391 /* UserDefaultsInteractor.swift */,
				581CBCE52296B97300727D7F /* ViewControllerIdentifier.swift */,
				58535B84229E89E7004BCBBD /* WeakBox.swift */,
				587B08E1229460C1000E6F17 /* WebLinks.swift */,
				58FBDAAA22A52DC500EB69A3 /* MullvadVPN-Bridging-Header.h */,
				58B8743122B25A7600015324 /* WireguardAssociatedAddresses.swift */,
			);
			path = MullvadVPN;
			sourceTree = "<group>";
		};
		58CE5E7A224146470008646E /* PacketTunnel */ = {
			isa = PBXGroup;
			children = (
				58CE5E7B224146470008646E /* PacketTunnelProvider.swift */,
				58CE5E7D224146470008646E /* Info.plist */,
				58CE5E7E224146470008646E /* PacketTunnel.entitlements */,
				58FBDAA422A52BDA00EB69A3 /* PacketTunnel-Bridging-Header.h */,
			);
			path = PacketTunnel;
			sourceTree = "<group>";
		};
		EA56DDD29D7312EAC382022A /* Pods */ = {
			isa = PBXGroup;
			children = (
				627D4CE562B85202FCFA0EB1 /* Pods-MullvadVPN.debug.xcconfig */,
				DBBD45CCF670C9D1C5C1AD03 /* Pods-MullvadVPN.release.xcconfig */,
				9F1362F46063B1D06EB0C685 /* Pods-PacketTunnel.debug.xcconfig */,
				40D54D8A8B75B67DC37C5CCE /* Pods-PacketTunnel.release.xcconfig */,
			);
			path = Pods;
			sourceTree = "<group>";
		};
/* End PBXGroup section */

/* Begin PBXLegacyTarget section */
		58FBDA9722A519BC00EB69A3 /* WireGuardGoBridge */ = {
			isa = PBXLegacyTarget;
			buildArgumentsString = "$(ACTION)";
			buildConfigurationList = 58FBDA9A22A519BC00EB69A3 /* Build configuration list for PBXLegacyTarget "WireGuardGoBridge" */;
			buildPhases = (
			);
			buildToolPath = /usr/bin/make;
			buildWorkingDirectory = "$(PROJECT_DIR)/wireguard-go-bridge";
			dependencies = (
			);
			name = WireGuardGoBridge;
			passBuildSettingsInEnvironment = 1;
			productName = WireGuardGoBridge;
		};
/* End PBXLegacyTarget section */

/* Begin PBXNativeTarget section */
		58CE5E5F224146200008646E /* MullvadVPN */ = {
			isa = PBXNativeTarget;
			buildConfigurationList = 58CE5E72224146210008646E /* Build configuration list for PBXNativeTarget "MullvadVPN" */;
			buildPhases = (
				A4E72CCF49FD4D29D984E1FC /* [CP] Check Pods Manifest.lock */,
				58FBDAA922A52D9B00EB69A3 /* Extract wireguard-go Version */,
				58CE5E5C224146200008646E /* Sources */,
				58CE5E5D224146200008646E /* Frameworks */,
				58CE5E5E224146200008646E /* Resources */,
				58CE5E85224146470008646E /* Embed App Extensions */,
				423609432954668DE7DEA7D5 /* [CP] Embed Pods Frameworks */,
			);
			buildRules = (
			);
			dependencies = (
				58CE5E80224146470008646E /* PBXTargetDependency */,
			);
			name = MullvadVPN;
			productName = MullvadVPN;
			productReference = 58CE5E60224146200008646E /* MullvadVPN.app */;
			productType = "com.apple.product-type.application";
		};
		58CE5E78224146470008646E /* PacketTunnel */ = {
			isa = PBXNativeTarget;
			buildConfigurationList = 58CE5E82224146470008646E /* Build configuration list for PBXNativeTarget "PacketTunnel" */;
			buildPhases = (
				C8E26D766ABD05BF7B4EB4AC /* [CP] Check Pods Manifest.lock */,
				58FBDAA322A52AE700EB69A3 /* Extract wireguard-go Version */,
				58CE5E75224146470008646E /* Sources */,
				58CE5E76224146470008646E /* Frameworks */,
				58CE5E77224146470008646E /* Resources */,
			);
			buildRules = (
			);
			dependencies = (
				58FBDAA222A52A6800EB69A3 /* PBXTargetDependency */,
			);
			name = PacketTunnel;
			productName = PacketTunnel;
			productReference = 58CE5E79224146470008646E /* PacketTunnel.appex */;
			productType = "com.apple.product-type.app-extension";
		};
/* End PBXNativeTarget section */

/* Begin PBXProject section */
		58CE5E58224146200008646E /* Project object */ = {
			isa = PBXProject;
			attributes = {
				LastSwiftUpdateCheck = 1000;
				LastUpgradeCheck = 1000;
				ORGANIZATIONNAME = "Amagicom AB";
				TargetAttributes = {
					58CE5E5F224146200008646E = {
						CreatedOnToolsVersion = 10.0;
						LastSwiftMigration = 1020;
						SystemCapabilities = {
							com.apple.ApplicationGroups.iOS = {
								enabled = 1;
							};
						};
					};
					58CE5E78224146470008646E = {
						CreatedOnToolsVersion = 10.0;
						LastSwiftMigration = 1020;
					};
					58FBDA9722A519BC00EB69A3 = {
						CreatedOnToolsVersion = 10.2.1;
					};
				};
			};
			buildConfigurationList = 58CE5E5B224146200008646E /* Build configuration list for PBXProject "MullvadVPN" */;
			compatibilityVersion = "Xcode 9.3";
			developmentRegion = en;
			hasScannedForEncodings = 0;
			knownRegions = (
				en,
				Base,
			);
			mainGroup = 58CE5E57224146200008646E;
			productRefGroup = 58CE5E61224146200008646E /* Products */;
			projectDirPath = "";
			projectRoot = "";
			targets = (
				58CE5E5F224146200008646E /* MullvadVPN */,
				58CE5E78224146470008646E /* PacketTunnel */,
				58FBDA9722A519BC00EB69A3 /* WireGuardGoBridge */,
			);
		};
/* End PBXProject section */

/* Begin PBXResourcesBuildPhase section */
		58CE5E5E224146200008646E /* Resources */ = {
			isa = PBXResourcesBuildPhase;
			buildActionMask = 2147483647;
			files = (
				58CE5E6E224146210008646E /* LaunchScreen.storyboard in Resources */,
				58CE5E6B224146210008646E /* Assets.xcassets in Resources */,
				58CE5E69224146200008646E /* Main.storyboard in Resources */,
			);
			runOnlyForDeploymentPostprocessing = 0;
		};
		58CE5E77224146470008646E /* Resources */ = {
			isa = PBXResourcesBuildPhase;
			buildActionMask = 2147483647;
			files = (
			);
			runOnlyForDeploymentPostprocessing = 0;
		};
/* End PBXResourcesBuildPhase section */

/* Begin PBXShellScriptBuildPhase section */
		423609432954668DE7DEA7D5 /* [CP] Embed Pods Frameworks */ = {
			isa = PBXShellScriptBuildPhase;
			buildActionMask = 2147483647;
			files = (
			);
			inputFileListPaths = (
			);
			inputPaths = (
				"${PODS_ROOT}/Target Support Files/Pods-MullvadVPN/Pods-MullvadVPN-frameworks.sh",
				"${BUILT_PRODUCTS_DIR}/ProcedureKit/ProcedureKit.framework",
			);
			name = "[CP] Embed Pods Frameworks";
			outputFileListPaths = (
			);
			outputPaths = (
				"${TARGET_BUILD_DIR}/${FRAMEWORKS_FOLDER_PATH}/ProcedureKit.framework",
			);
			runOnlyForDeploymentPostprocessing = 0;
			shellPath = /bin/sh;
			shellScript = "\"${PODS_ROOT}/Target Support Files/Pods-MullvadVPN/Pods-MullvadVPN-frameworks.sh\"\n";
			showEnvVarsInLog = 0;
		};
		58FBDAA322A52AE700EB69A3 /* Extract wireguard-go Version */ = {
			isa = PBXShellScriptBuildPhase;
			buildActionMask = 2147483647;
			files = (
			);
			inputFileListPaths = (
			);
			inputPaths = (
			);
			name = "Extract wireguard-go Version";
			outputFileListPaths = (
			);
			outputPaths = (
			);
			runOnlyForDeploymentPostprocessing = 0;
			shellPath = /bin/sh;
			shellScript = "exec make -C \"$PROJECT_DIR/wireguard-go-bridge\" version-header\n";
			showEnvVarsInLog = 0;
		};
		58FBDAA922A52D9B00EB69A3 /* Extract wireguard-go Version */ = {
			isa = PBXShellScriptBuildPhase;
			buildActionMask = 2147483647;
			files = (
			);
			inputFileListPaths = (
			);
			inputPaths = (
			);
			name = "Extract wireguard-go Version";
			outputFileListPaths = (
			);
			outputPaths = (
			);
			runOnlyForDeploymentPostprocessing = 0;
			shellPath = /bin/sh;
			shellScript = "exec make -C \"$PROJECT_DIR/wireguard-go-bridge\" version-header\n";
		};
		A4E72CCF49FD4D29D984E1FC /* [CP] Check Pods Manifest.lock */ = {
			isa = PBXShellScriptBuildPhase;
			buildActionMask = 2147483647;
			files = (
			);
			inputFileListPaths = (
			);
			inputPaths = (
				"${PODS_PODFILE_DIR_PATH}/Podfile.lock",
				"${PODS_ROOT}/Manifest.lock",
			);
			name = "[CP] Check Pods Manifest.lock";
			outputFileListPaths = (
			);
			outputPaths = (
				"$(DERIVED_FILE_DIR)/Pods-MullvadVPN-checkManifestLockResult.txt",
			);
			runOnlyForDeploymentPostprocessing = 0;
			shellPath = /bin/sh;
			shellScript = "diff \"${PODS_PODFILE_DIR_PATH}/Podfile.lock\" \"${PODS_ROOT}/Manifest.lock\" > /dev/null\nif [ $? != 0 ] ; then\n    # print error to STDERR\n    echo \"error: The sandbox is not in sync with the Podfile.lock. Run 'pod install' or update your CocoaPods installation.\" >&2\n    exit 1\nfi\n# This output is used by Xcode 'outputs' to avoid re-running this script phase.\necho \"SUCCESS\" > \"${SCRIPT_OUTPUT_FILE_0}\"\n";
			showEnvVarsInLog = 0;
		};
		C8E26D766ABD05BF7B4EB4AC /* [CP] Check Pods Manifest.lock */ = {
			isa = PBXShellScriptBuildPhase;
			buildActionMask = 2147483647;
			files = (
			);
			inputFileListPaths = (
			);
			inputPaths = (
				"${PODS_PODFILE_DIR_PATH}/Podfile.lock",
				"${PODS_ROOT}/Manifest.lock",
			);
			name = "[CP] Check Pods Manifest.lock";
			outputFileListPaths = (
			);
			outputPaths = (
				"$(DERIVED_FILE_DIR)/Pods-PacketTunnel-checkManifestLockResult.txt",
			);
			runOnlyForDeploymentPostprocessing = 0;
			shellPath = /bin/sh;
			shellScript = "diff \"${PODS_PODFILE_DIR_PATH}/Podfile.lock\" \"${PODS_ROOT}/Manifest.lock\" > /dev/null\nif [ $? != 0 ] ; then\n    # print error to STDERR\n    echo \"error: The sandbox is not in sync with the Podfile.lock. Run 'pod install' or update your CocoaPods installation.\" >&2\n    exit 1\nfi\n# This output is used by Xcode 'outputs' to avoid re-running this script phase.\necho \"SUCCESS\" > \"${SCRIPT_OUTPUT_FILE_0}\"\n";
			showEnvVarsInLog = 0;
		};
/* End PBXShellScriptBuildPhase section */

/* Begin PBXSourcesBuildPhase section */
		58CE5E5C224146200008646E /* Sources */ = {
			isa = PBXSourcesBuildPhase;
			buildActionMask = 2147483647;
			files = (
				58BFA5CC22A7CE1F00A6173D /* ApplicationConfiguration.swift in Sources */,
				5840250122B1124600E4CFEC /* IpAddress+Codable.swift in Sources */,
				582BB1B52295780F0055B6EF /* AccountExpiry.swift in Sources */,
				582BB1B3229574F40055B6EF /* SettingsAccountCell.swift in Sources */,
				58CCA010224249A1004F3011 /* ConnectViewController.swift in Sources */,
				581CBCE62296B97300727D7F /* ViewControllerIdentifier.swift in Sources */,
				58BFA5C622A7C97F00A6173D /* RelayCache.swift in Sources */,
				582BB1B1229569620055B6EF /* CustomNavigationBar.swift in Sources */,
				58461AD3228D622E00B72ECB /* Account.swift in Sources */,
				5888AD87227B17950051EB06 /* SelectLocationController.swift in Sources */,
				58781CC622AE5F4B009B9D8E /* ProcedureKit+Patches.swift in Sources */,
				58F19E35228C15BA00C7710B /* SpinnerActivityIndicatorView.swift in Sources */,
				58ADDB40227B1E7100FAFEA7 /* Optional+Unwrap.swift in Sources */,
				58CCA0162242560B004F3011 /* UIColor+Palette.swift in Sources */,
				58F83F08229D3F560086FCE3 /* AccountExpiryRefresh.swift in Sources */,
				587CBFE322807F530028DED3 /* UIColor+Helpers.swift in Sources */,
				581CBCEC2298041B00727D7F /* SettingsAppVersionCell.swift in Sources */,
				587B08E2229460C1000E6F17 /* WebLinks.swift in Sources */,
				58CCA01822426713004F3011 /* AccountViewController.swift in Sources */,
				58ADDB3E227B1CD900FAFEA7 /* MullvadAPI.swift in Sources */,
				58B8743222B25A7600015324 /* WireguardAssociatedAddresses.swift in Sources */,
				587B08E0229433EB000E6F17 /* LoginState.swift in Sources */,
				58C6B34F22BB7AC0003C19AD /* IPAddressRange.swift in Sources */,
				582BB1AF229566420055B6EF /* SettingsCell.swift in Sources */,
				58535B85229E89E7004BCBBD /* WeakBox.swift in Sources */,
				5862805422428EF100F5A6E1 /* TranslucentButtonBlurView.swift in Sources */,
				5888AD83227B11080051EB06 /* SelectLocationCell.swift in Sources */,
				58CE5E66224146200008646E /* LoginViewController.swift in Sources */,
				58ADDB3C227B1BD200FAFEA7 /* JsonRpc.swift in Sources */,
				581CBCEE229826FD00727D7F /* StaticTableViewDataSource.swift in Sources */,
				58CE5E64224146200008646E /* AppDelegate.swift in Sources */,
				58CCA01222424D11004F3011 /* SettingsViewController.swift in Sources */,
				58F19E33228B383300C7710B /* AccountVerificationProcedure.swift in Sources */,
				589AB4F7227B64450039131E /* BasicTableViewCell.swift in Sources */,
				5888AD7F2279B6BF0051EB06 /* RelayStatusIndicatorView.swift in Sources */,
				5867A51C2248F26A005513C0 /* SegueIdentifier.swift in Sources */,
				58F19E31228B2AEB00C7710B /* JsonRequestProcedure.swift in Sources */,
				5894FC492296A8090017471D /* CustomButton.swift in Sources */,
				58CCA01E2242787B004F3011 /* AccountTextField.swift in Sources */,
				587425C12299833500CA2045 /* RootContainerViewController.swift in Sources */,
				58FFE444228C82A00036F391 /* UserDefaultsInteractor.swift in Sources */,
				5888AD89227B18C40051EB06 /* RelayList.swift in Sources */,
				58C3A4B222456F1B00340BDB /* AccountInputGroupView.swift in Sources */,
			);
			runOnlyForDeploymentPostprocessing = 0;
		};
		58CE5E75224146470008646E /* Sources */ = {
			isa = PBXSourcesBuildPhase;
			buildActionMask = 2147483647;
			files = (
				58D06EAA2302E1B0000C75C6 /* AccountVerificationProcedure.swift in Sources */,
				58781CC722AE602B009B9D8E /* ProcedureKit+Patches.swift in Sources */,
				58D06EA82302E1A1000C75C6 /* WireguardAssociatedAddresses.swift in Sources */,
				58BFA5CD22A7CE1F00A6173D /* ApplicationConfiguration.swift in Sources */,
				58BFA5C222A7C92900A6173D /* JsonRpc.swift in Sources */,
				58C6B35122BB7CFD003C19AD /* IPAddressRange.swift in Sources */,
				58BFA5C322A7C93400A6173D /* RelayList.swift in Sources */,
				58BFA5C122A7C92400A6173D /* JsonRequestProcedure.swift in Sources */,
				5840250222B1124600E4CFEC /* IpAddress+Codable.swift in Sources */,
				58CE5E7C224146470008646E /* PacketTunnelProvider.swift in Sources */,
				58BFA5C722A7C97F00A6173D /* RelayCache.swift in Sources */,
				58BFA5C022A7C8A900A6173D /* MullvadAPI.swift in Sources */,
			);
			runOnlyForDeploymentPostprocessing = 0;
		};
/* End PBXSourcesBuildPhase section */

/* Begin PBXTargetDependency section */
		58CE5E80224146470008646E /* PBXTargetDependency */ = {
			isa = PBXTargetDependency;
			target = 58CE5E78224146470008646E /* PacketTunnel */;
			targetProxy = 58CE5E7F224146470008646E /* PBXContainerItemProxy */;
		};
		58FBDAA222A52A6800EB69A3 /* PBXTargetDependency */ = {
			isa = PBXTargetDependency;
			target = 58FBDA9722A519BC00EB69A3 /* WireGuardGoBridge */;
			targetProxy = 58FBDAA122A52A6800EB69A3 /* PBXContainerItemProxy */;
		};
/* End PBXTargetDependency section */

/* Begin PBXVariantGroup section */
		58CE5E67224146200008646E /* Main.storyboard */ = {
			isa = PBXVariantGroup;
			children = (
				58CE5E68224146200008646E /* Base */,
			);
			name = Main.storyboard;
			sourceTree = "<group>";
		};
		58CE5E6C224146210008646E /* LaunchScreen.storyboard */ = {
			isa = PBXVariantGroup;
			children = (
				58CE5E6D224146210008646E /* Base */,
			);
			name = LaunchScreen.storyboard;
			sourceTree = "<group>";
		};
/* End PBXVariantGroup section */

/* Begin XCBuildConfiguration section */
		58CE5E70224146210008646E /* Debug */ = {
			isa = XCBuildConfiguration;
			buildSettings = {
				ALWAYS_SEARCH_USER_PATHS = NO;
				CLANG_ANALYZER_NONNULL = YES;
				CLANG_ANALYZER_NUMBER_OBJECT_CONVERSION = YES_AGGRESSIVE;
				CLANG_CXX_LANGUAGE_STANDARD = "gnu++14";
				CLANG_CXX_LIBRARY = "libc++";
				CLANG_ENABLE_MODULES = YES;
				CLANG_ENABLE_OBJC_ARC = YES;
				CLANG_ENABLE_OBJC_WEAK = YES;
				CLANG_WARN_BLOCK_CAPTURE_AUTORELEASING = YES;
				CLANG_WARN_BOOL_CONVERSION = YES;
				CLANG_WARN_COMMA = YES;
				CLANG_WARN_CONSTANT_CONVERSION = YES;
				CLANG_WARN_DEPRECATED_OBJC_IMPLEMENTATIONS = YES;
				CLANG_WARN_DIRECT_OBJC_ISA_USAGE = YES_ERROR;
				CLANG_WARN_DOCUMENTATION_COMMENTS = YES;
				CLANG_WARN_EMPTY_BODY = YES;
				CLANG_WARN_ENUM_CONVERSION = YES;
				CLANG_WARN_INFINITE_RECURSION = YES;
				CLANG_WARN_INT_CONVERSION = YES;
				CLANG_WARN_NON_LITERAL_NULL_CONVERSION = YES;
				CLANG_WARN_OBJC_IMPLICIT_RETAIN_SELF = YES;
				CLANG_WARN_OBJC_LITERAL_CONVERSION = YES;
				CLANG_WARN_OBJC_ROOT_CLASS = YES_ERROR;
				CLANG_WARN_RANGE_LOOP_ANALYSIS = YES;
				CLANG_WARN_STRICT_PROTOTYPES = YES;
				CLANG_WARN_SUSPICIOUS_MOVE = YES;
				CLANG_WARN_UNGUARDED_AVAILABILITY = YES_AGGRESSIVE;
				CLANG_WARN_UNREACHABLE_CODE = YES;
				CLANG_WARN__DUPLICATE_METHOD_MATCH = YES;
				CODE_SIGN_IDENTITY = "iPhone Developer";
				COPY_PHASE_STRIP = NO;
				DEBUG_INFORMATION_FORMAT = dwarf;
				ENABLE_STRICT_OBJC_MSGSEND = YES;
				ENABLE_TESTABILITY = YES;
				GCC_C_LANGUAGE_STANDARD = gnu11;
				GCC_DYNAMIC_NO_PIC = NO;
				GCC_NO_COMMON_BLOCKS = YES;
				GCC_OPTIMIZATION_LEVEL = 0;
				GCC_PREPROCESSOR_DEFINITIONS = (
					"DEBUG=1",
					"$(inherited)",
				);
				GCC_WARN_64_TO_32_BIT_CONVERSION = YES;
				GCC_WARN_ABOUT_RETURN_TYPE = YES_ERROR;
				GCC_WARN_UNDECLARED_SELECTOR = YES;
				GCC_WARN_UNINITIALIZED_AUTOS = YES_AGGRESSIVE;
				GCC_WARN_UNUSED_FUNCTION = YES;
				GCC_WARN_UNUSED_VARIABLE = YES;
				IPHONEOS_DEPLOYMENT_TARGET = 12.0;
				MTL_ENABLE_DEBUG_INFO = INCLUDE_SOURCE;
				MTL_FAST_MATH = YES;
				ONLY_ACTIVE_ARCH = YES;
				SDKROOT = iphoneos;
				SWIFT_ACTIVE_COMPILATION_CONDITIONS = DEBUG;
				SWIFT_OPTIMIZATION_LEVEL = "-Onone";
			};
			name = Debug;
		};
		58CE5E71224146210008646E /* Release */ = {
			isa = XCBuildConfiguration;
			buildSettings = {
				ALWAYS_SEARCH_USER_PATHS = NO;
				CLANG_ANALYZER_NONNULL = YES;
				CLANG_ANALYZER_NUMBER_OBJECT_CONVERSION = YES_AGGRESSIVE;
				CLANG_CXX_LANGUAGE_STANDARD = "gnu++14";
				CLANG_CXX_LIBRARY = "libc++";
				CLANG_ENABLE_MODULES = YES;
				CLANG_ENABLE_OBJC_ARC = YES;
				CLANG_ENABLE_OBJC_WEAK = YES;
				CLANG_WARN_BLOCK_CAPTURE_AUTORELEASING = YES;
				CLANG_WARN_BOOL_CONVERSION = YES;
				CLANG_WARN_COMMA = YES;
				CLANG_WARN_CONSTANT_CONVERSION = YES;
				CLANG_WARN_DEPRECATED_OBJC_IMPLEMENTATIONS = YES;
				CLANG_WARN_DIRECT_OBJC_ISA_USAGE = YES_ERROR;
				CLANG_WARN_DOCUMENTATION_COMMENTS = YES;
				CLANG_WARN_EMPTY_BODY = YES;
				CLANG_WARN_ENUM_CONVERSION = YES;
				CLANG_WARN_INFINITE_RECURSION = YES;
				CLANG_WARN_INT_CONVERSION = YES;
				CLANG_WARN_NON_LITERAL_NULL_CONVERSION = YES;
				CLANG_WARN_OBJC_IMPLICIT_RETAIN_SELF = YES;
				CLANG_WARN_OBJC_LITERAL_CONVERSION = YES;
				CLANG_WARN_OBJC_ROOT_CLASS = YES_ERROR;
				CLANG_WARN_RANGE_LOOP_ANALYSIS = YES;
				CLANG_WARN_STRICT_PROTOTYPES = YES;
				CLANG_WARN_SUSPICIOUS_MOVE = YES;
				CLANG_WARN_UNGUARDED_AVAILABILITY = YES_AGGRESSIVE;
				CLANG_WARN_UNREACHABLE_CODE = YES;
				CLANG_WARN__DUPLICATE_METHOD_MATCH = YES;
				CODE_SIGN_IDENTITY = "iPhone Developer";
				COPY_PHASE_STRIP = NO;
				DEBUG_INFORMATION_FORMAT = "dwarf-with-dsym";
				ENABLE_NS_ASSERTIONS = NO;
				ENABLE_STRICT_OBJC_MSGSEND = YES;
				GCC_C_LANGUAGE_STANDARD = gnu11;
				GCC_NO_COMMON_BLOCKS = YES;
				GCC_WARN_64_TO_32_BIT_CONVERSION = YES;
				GCC_WARN_ABOUT_RETURN_TYPE = YES_ERROR;
				GCC_WARN_UNDECLARED_SELECTOR = YES;
				GCC_WARN_UNINITIALIZED_AUTOS = YES_AGGRESSIVE;
				GCC_WARN_UNUSED_FUNCTION = YES;
				GCC_WARN_UNUSED_VARIABLE = YES;
				IPHONEOS_DEPLOYMENT_TARGET = 12.0;
				MTL_ENABLE_DEBUG_INFO = NO;
				MTL_FAST_MATH = YES;
				SDKROOT = iphoneos;
				SWIFT_COMPILATION_MODE = wholemodule;
				SWIFT_OPTIMIZATION_LEVEL = "-O";
				VALIDATE_PRODUCT = YES;
			};
			name = Release;
		};
		58CE5E73224146210008646E /* Debug */ = {
			isa = XCBuildConfiguration;
			baseConfigurationReference = 627D4CE562B85202FCFA0EB1 /* Pods-MullvadVPN.debug.xcconfig */;
			buildSettings = {
				ALWAYS_EMBED_SWIFT_STANDARD_LIBRARIES = YES;
				ASSETCATALOG_COMPILER_APPICON_NAME = AppIcon;
				CLANG_ENABLE_MODULES = YES;
				CODE_SIGN_ENTITLEMENTS = MullvadVPN/MullvadVPN.entitlements;
				CODE_SIGN_IDENTITY = "iPhone Developer";
				CODE_SIGN_STYLE = Automatic;
				DEVELOPMENT_TEAM = G7CDBEG477;
				INFOPLIST_FILE = MullvadVPN/Info.plist;
				LD_RUNPATH_SEARCH_PATHS = (
					"$(inherited)",
					"@executable_path/Frameworks",
				);
				PRODUCT_BUNDLE_IDENTIFIER = net.mullvad.MullvadVPN;
				PRODUCT_NAME = "$(TARGET_NAME)";
				PROVISIONING_PROFILE_SPECIFIER = "";
				SWIFT_OBJC_BRIDGING_HEADER = "MullvadVPN/MullvadVPN-Bridging-Header.h";
				SWIFT_OPTIMIZATION_LEVEL = "-Onone";
				SWIFT_VERSION = 5.0;
				TARGETED_DEVICE_FAMILY = "1,2";
			};
			name = Debug;
		};
		58CE5E74224146210008646E /* Release */ = {
			isa = XCBuildConfiguration;
			baseConfigurationReference = DBBD45CCF670C9D1C5C1AD03 /* Pods-MullvadVPN.release.xcconfig */;
			buildSettings = {
				ALWAYS_EMBED_SWIFT_STANDARD_LIBRARIES = YES;
				ASSETCATALOG_COMPILER_APPICON_NAME = AppIcon;
				CLANG_ENABLE_MODULES = YES;
				CODE_SIGN_ENTITLEMENTS = MullvadVPN/MullvadVPN.entitlements;
				CODE_SIGN_IDENTITY = "iPhone Developer";
				CODE_SIGN_STYLE = Automatic;
				DEVELOPMENT_TEAM = G7CDBEG477;
				INFOPLIST_FILE = MullvadVPN/Info.plist;
				LD_RUNPATH_SEARCH_PATHS = (
					"$(inherited)",
					"@executable_path/Frameworks",
				);
				PRODUCT_BUNDLE_IDENTIFIER = net.mullvad.MullvadVPN;
				PRODUCT_NAME = "$(TARGET_NAME)";
				PROVISIONING_PROFILE_SPECIFIER = "";
				SWIFT_OBJC_BRIDGING_HEADER = "MullvadVPN/MullvadVPN-Bridging-Header.h";
				SWIFT_VERSION = 5.0;
				TARGETED_DEVICE_FAMILY = "1,2";
			};
			name = Release;
		};
		58CE5E83224146470008646E /* Debug */ = {
			isa = XCBuildConfiguration;
			baseConfigurationReference = 9F1362F46063B1D06EB0C685 /* Pods-PacketTunnel.debug.xcconfig */;
			buildSettings = {
				CLANG_ENABLE_MODULES = YES;
				CODE_SIGN_ENTITLEMENTS = PacketTunnel/PacketTunnel.entitlements;
				CODE_SIGN_STYLE = Automatic;
				DEVELOPMENT_TEAM = G7CDBEG477;
				ENABLE_BITCODE = NO;
				INFOPLIST_FILE = PacketTunnel/Info.plist;
				LD_RUNPATH_SEARCH_PATHS = (
					"$(inherited)",
					"@executable_path/Frameworks",
					"@executable_path/../../Frameworks",
				);
				PRODUCT_BUNDLE_IDENTIFIER = net.mullvad.MullvadVPN.PacketTunnel;
				PRODUCT_NAME = "$(TARGET_NAME)";
				SKIP_INSTALL = YES;
				SWIFT_OBJC_BRIDGING_HEADER = "PacketTunnel/PacketTunnel-Bridging-Header.h";
				SWIFT_OPTIMIZATION_LEVEL = "-Onone";
				SWIFT_VERSION = 5.0;
				TARGETED_DEVICE_FAMILY = "1,2";
			};
			name = Debug;
		};
		58CE5E84224146470008646E /* Release */ = {
			isa = XCBuildConfiguration;
			baseConfigurationReference = 40D54D8A8B75B67DC37C5CCE /* Pods-PacketTunnel.release.xcconfig */;
			buildSettings = {
				CLANG_ENABLE_MODULES = YES;
				CODE_SIGN_ENTITLEMENTS = PacketTunnel/PacketTunnel.entitlements;
				CODE_SIGN_STYLE = Automatic;
				DEVELOPMENT_TEAM = G7CDBEG477;
				ENABLE_BITCODE = NO;
				INFOPLIST_FILE = PacketTunnel/Info.plist;
				LD_RUNPATH_SEARCH_PATHS = (
					"$(inherited)",
					"@executable_path/Frameworks",
					"@executable_path/../../Frameworks",
				);
				PRODUCT_BUNDLE_IDENTIFIER = net.mullvad.MullvadVPN.PacketTunnel;
				PRODUCT_NAME = "$(TARGET_NAME)";
				SKIP_INSTALL = YES;
				SWIFT_OBJC_BRIDGING_HEADER = "PacketTunnel/PacketTunnel-Bridging-Header.h";
				SWIFT_VERSION = 5.0;
				TARGETED_DEVICE_FAMILY = "1,2";
			};
			name = Release;
		};
		58FBDA9822A519BC00EB69A3 /* Debug */ = {
			isa = XCBuildConfiguration;
			buildSettings = {
				CODE_SIGN_STYLE = Automatic;
				DEBUGGING_SYMBOLS = YES;
				DEBUG_INFORMATION_FORMAT = dwarf;
				GCC_GENERATE_DEBUGGING_SYMBOLS = YES;
				GCC_OPTIMIZATION_LEVEL = 0;
				OTHER_CFLAGS = "";
				OTHER_LDFLAGS = "";
				PRODUCT_NAME = "$(TARGET_NAME)";
			};
			name = Debug;
		};
		58FBDA9922A519BC00EB69A3 /* Release */ = {
			isa = XCBuildConfiguration;
			buildSettings = {
				CODE_SIGN_STYLE = Automatic;
				DEBUG_INFORMATION_FORMAT = "dwarf-with-dsym";
				OTHER_CFLAGS = "";
				OTHER_LDFLAGS = "";
				PRODUCT_NAME = "$(TARGET_NAME)";
			};
			name = Release;
		};
/* End XCBuildConfiguration section */

/* Begin XCConfigurationList section */
		58CE5E5B224146200008646E /* Build configuration list for PBXProject "MullvadVPN" */ = {
			isa = XCConfigurationList;
			buildConfigurations = (
				58CE5E70224146210008646E /* Debug */,
				58CE5E71224146210008646E /* Release */,
			);
			defaultConfigurationIsVisible = 0;
			defaultConfigurationName = Release;
		};
		58CE5E72224146210008646E /* Build configuration list for PBXNativeTarget "MullvadVPN" */ = {
			isa = XCConfigurationList;
			buildConfigurations = (
				58CE5E73224146210008646E /* Debug */,
				58CE5E74224146210008646E /* Release */,
			);
			defaultConfigurationIsVisible = 0;
			defaultConfigurationName = Release;
		};
		58CE5E82224146470008646E /* Build configuration list for PBXNativeTarget "PacketTunnel" */ = {
			isa = XCConfigurationList;
			buildConfigurations = (
				58CE5E83224146470008646E /* Debug */,
				58CE5E84224146470008646E /* Release */,
			);
			defaultConfigurationIsVisible = 0;
			defaultConfigurationName = Release;
		};
		58FBDA9A22A519BC00EB69A3 /* Build configuration list for PBXLegacyTarget "WireGuardGoBridge" */ = {
			isa = XCConfigurationList;
			buildConfigurations = (
				58FBDA9822A519BC00EB69A3 /* Debug */,
				58FBDA9922A519BC00EB69A3 /* Release */,
			);
			defaultConfigurationIsVisible = 0;
			defaultConfigurationName = Release;
		};
/* End XCConfigurationList section */
	};
	rootObject = 58CE5E58224146200008646E /* Project object */;
}
