{
  "nodes": {
    "nixpkgs": {
      "locked": {
        "lastModified": 1713145326,
        "narHash": "sha256-m7+IWM6mkWOg22EC5kRUFCycXsXLSU7hWmHdmBfmC3s=",
        "owner": "NixOS",
        "repo": "nixpkgs",
        "rev": "53a2c32bc66f5ae41a28d7a9a49d321172af621e",
        "type": "github"
      },
      "original": {
        "owner": "NixOS",
        "ref": "nixos-23.11",
        "repo": "nixpkgs",
        "type": "github"
      }
    },
    "root": {
      "inputs": {
        "nixpkgs": "nixpkgs"
      }
    }
  },
  "root": "root",
  "version": 7
}
