
Microsoft Visual Studio Solution File, Format Version 12.00
# Visual Studio Version 16
VisualStudioVersion = 16.0.29324.140
MinimumVisualStudioVersion = 10.0.40219.1
Project("{8BC9CEB8-8B4A-11D0-8D11-00A0C91BC942}") = "migration", "src\extras\migration\migration.vcxproj", "{5DDDC994-A1C4-4B5C-8909-B576E490E40E}"
	ProjectSection(ProjectDependencies) = postProject
		{C075F50C-1A62-46D1-9494-02C8F48A9419} = {C075F50C-1A62-46D1-9494-02C8F48A9419}
		{B52E2D10-A94A-4605-914A-2DCEF6A757EF} = {B52E2D10-A94A-4605-914A-2DCEF6A757EF}
		{EE69EA4A-CF71-4B88-866B-957F60C4CE0D} = {EE69EA4A-CF71-4B88-866B-957F60C4CE0D}
	EndProjectSection
EndProject
Project("{8BC9CEB8-8B4A-11D0-8D11-00A0C91BC942}") = "winutil", "src\winutil\winutil.vcxproj", "{C075F50C-1A62-46D1-9494-02C8F48A9419}"
	ProjectSection(ProjectDependencies) = postProject
		{B52E2D10-A94A-4605-914A-2DCEF6A757EF} = {B52E2D10-A94A-4605-914A-2DCEF6A757EF}
		{EE69EA4A-CF71-4B88-866B-957F60C4CE0D} = {EE69EA4A-CF71-4B88-866B-957F60C4CE0D}
	EndProjectSection
EndProject
Project("{8BC9CEB8-8B4A-11D0-8D11-00A0C91BC942}") = "libcommon", "..\windows-libraries\src\libcommon\libcommon.vcxproj", "{B52E2D10-A94A-4605-914A-2DCEF6A757EF}"
EndProject
Project("{8BC9CEB8-8B4A-11D0-8D11-00A0C91BC942}") = "libshared", "..\libshared\src\libshared\libshared.vcxproj", "{EE69EA4A-CF71-4B88-866B-957F60C4CE0D}"
	ProjectSection(ProjectDependencies) = postProject
		{B52E2D10-A94A-4605-914A-2DCEF6A757EF} = {B52E2D10-A94A-4605-914A-2DCEF6A757EF}
	EndProjectSection
EndProject
Global
	GlobalSection(SolutionConfigurationPlatforms) = preSolution
		Debug|x64 = Debug|x64
		Debug|x86 = Debug|x86
		Release|x64 = Release|x64
		Release|x86 = Release|x86
	EndGlobalSection
	GlobalSection(ProjectConfigurationPlatforms) = postSolution
		{5DDDC994-A1C4-4B5C-8909-B576E490E40E}.Debug|x64.ActiveCfg = Debug|x64
		{5DDDC994-A1C4-4B5C-8909-B576E490E40E}.Debug|x64.Build.0 = Debug|x64
		{5DDDC994-A1C4-4B5C-8909-B576E490E40E}.Debug|x86.ActiveCfg = Debug|Win32
		{5DDDC994-A1C4-4B5C-8909-B576E490E40E}.Debug|x86.Build.0 = Debug|Win32
		{5DDDC994-A1C4-4B5C-8909-B576E490E40E}.Release|x64.ActiveCfg = Release|x64
		{5DDDC994-A1C4-4B5C-8909-B576E490E40E}.Release|x64.Build.0 = Release|x64
		{5DDDC994-A1C4-4B5C-8909-B576E490E40E}.Release|x86.ActiveCfg = Release|Win32
		{5DDDC994-A1C4-4B5C-8909-B576E490E40E}.Release|x86.Build.0 = Release|Win32
		{C075F50C-1A62-46D1-9494-02C8F48A9419}.Debug|x64.ActiveCfg = Debug|x64
		{C075F50C-1A62-46D1-9494-02C8F48A9419}.Debug|x64.Build.0 = Debug|x64
		{C075F50C-1A62-46D1-9494-02C8F48A9419}.Debug|x86.ActiveCfg = Debug|Win32
		{C075F50C-1A62-46D1-9494-02C8F48A9419}.Debug|x86.Build.0 = Debug|Win32
		{C075F50C-1A62-46D1-9494-02C8F48A9419}.Release|x64.ActiveCfg = Release|x64
		{C075F50C-1A62-46D1-9494-02C8F48A9419}.Release|x64.Build.0 = Release|x64
		{C075F50C-1A62-46D1-9494-02C8F48A9419}.Release|x86.ActiveCfg = Release|Win32
		{C075F50C-1A62-46D1-9494-02C8F48A9419}.Release|x86.Build.0 = Release|Win32
		{B52E2D10-A94A-4605-914A-2DCEF6A757EF}.Debug|x64.ActiveCfg = Debug|x64
		{B52E2D10-A94A-4605-914A-2DCEF6A757EF}.Debug|x64.Build.0 = Debug|x64
		{B52E2D10-A94A-4605-914A-2DCEF6A757EF}.Debug|x86.ActiveCfg = Debug|Win32
		{B52E2D10-A94A-4605-914A-2DCEF6A757EF}.Debug|x86.Build.0 = Debug|Win32
		{B52E2D10-A94A-4605-914A-2DCEF6A757EF}.Release|x64.ActiveCfg = Release|x64
		{B52E2D10-A94A-4605-914A-2DCEF6A757EF}.Release|x64.Build.0 = Release|x64
		{B52E2D10-A94A-4605-914A-2DCEF6A757EF}.Release|x86.ActiveCfg = Release|Win32
		{B52E2D10-A94A-4605-914A-2DCEF6A757EF}.Release|x86.Build.0 = Release|Win32
		{EE69EA4A-CF71-4B88-866B-957F60C4CE0D}.Debug|x64.ActiveCfg = Debug|x64
		{EE69EA4A-CF71-4B88-866B-957F60C4CE0D}.Debug|x64.Build.0 = Debug|x64
		{EE69EA4A-CF71-4B88-866B-957F60C4CE0D}.Debug|x86.ActiveCfg = Debug|Win32
		{EE69EA4A-CF71-4B88-866B-957F60C4CE0D}.Debug|x86.Build.0 = Debug|Win32
		{EE69EA4A-CF71-4B88-866B-957F60C4CE0D}.Release|x64.ActiveCfg = Release|x64
		{EE69EA4A-CF71-4B88-866B-957F60C4CE0D}.Release|x64.Build.0 = Release|x64
		{EE69EA4A-CF71-4B88-866B-957F60C4CE0D}.Release|x86.ActiveCfg = Release|Win32
		{EE69EA4A-CF71-4B88-866B-957F60C4CE0D}.Release|x86.Build.0 = Release|Win32
	EndGlobalSection
	GlobalSection(SolutionProperties) = preSolution
		HideSolutionNode = FALSE
	EndGlobalSection
	GlobalSection(ExtensibilityGlobals) = postSolution
		SolutionGuid = {815EF55F-6262-47E1-A2F9-B37DDC3FC926}
	EndGlobalSection
EndGlobal
