<?xml version="1.0" encoding="utf-8"?>
<Project ToolsVersion="4.0" xmlns="http://schemas.microsoft.com/developer/msbuild/2003">
  <ItemGroup>
    <ClInclude Include="stdafx.h" />
    <ClInclude Include="targetver.h" />
    <ClInclude Include="windns.h" />
    <ClInclude Include="netsh.h" />
    <ClInclude Include="confineoperation.h" />
  </ItemGroup>
  <ItemGroup>
    <ClCompile Include="dllmain.cpp" />
    <ClCompile Include="stdafx.cpp" />
    <ClCompile Include="windns.cpp" />
    <ClCompile Include="netsh.cpp" />
    <ClCompile Include="confineoperation.cpp" />
  </ItemGroup>
  <ItemGroup>
    <ResourceCompile Include="windns.rc" />
  </ItemGroup>
</Project>