<?xml version="1.0" encoding="UTF-8"?>
<Scheme
   LastUpgradeVersion = "1130"
   version = "1.7">
   <BuildAction
      parallelizeBuildables = "YES"
      buildImplicitDependencies = "YES">
      <BuildActionEntries>
         <BuildActionEntry
            buildForTesting = "YES"
            buildForRunning = "YES"
            buildForProfiling = "NO"
            buildForArchiving = "NO"
            buildForAnalyzing = "NO">
            <BuildableReference
               BuildableIdentifier = "primary"
               BlueprintIdentifier = "58D0C79223F1CE7000FE9BA7"
               BuildableName = "MullvadVPNScreenshots.xctest"
               BlueprintName = "MullvadVPNScreenshots"
               ReferencedContainer = "container:MullvadVPN.xcodeproj">
            </BuildableReference>
         </BuildActionEntry>
      </BuildActionEntries>
   </BuildAction>
   <TestAction
      buildConfiguration = "Debug"
      selectedDebuggerIdentifier = "Xcode.DebuggerFoundation.Debugger.LLDB"
      selectedLauncherIdentifier = "Xcode.DebuggerFoundation.Launcher.LLDB"
      shouldUseLaunchSchemeArgsEnv = "YES"
      systemAttachmentLifetime = "keepNever">
      <PreActions>
         <ExecutionAction
            ActionType = "Xcode.IDEStandardExecutionActionsCore.ExecutionActionType.ShellScriptAction">
            <ActionContent
               title = "Run Script"
               scriptText = "xcrun simctl boot &quot;${TARGET_DEVICE_IDENTIFIER}&quot;&#10;xcrun simctl status_bar &quot;${TARGET_DEVICE_IDENTIFIER}&quot; override \&#10;    --time &quot;9:41&quot; \&#10;    --dataNetwork wifi \&#10;    --wifiMode active \&#10;    --wifiBars 3 \&#10;    --cellularMode notSupported \&#10;    --batteryState charged \&#10;    --batteryLevel 100&#10;">
               <EnvironmentBuildable>
                  <BuildableReference
                     BuildableIdentifier = "primary"
                     BlueprintIdentifier = "58D0C79223F1CE7000FE9BA7"
                     BuildableName = "MullvadVPNScreenshots.xctest"
                     BlueprintName = "MullvadVPNScreenshots"
                     ReferencedContainer = "container:MullvadVPN.xcodeproj">
                  </BuildableReference>
               </EnvironmentBuildable>
            </ActionContent>
         </ExecutionAction>
      </PreActions>
      <PostActions>
         <ExecutionAction
            ActionType = "Xcode.IDEStandardExecutionActionsCore.ExecutionActionType.ShellScriptAction">
            <ActionContent
               title = "Run Script"
               scriptText = "xcrun simctl status_bar &quot;${TARGET_DEVICE_IDENTIFIER}&quot; clear&#10;">
               <EnvironmentBuildable>
                  <BuildableReference
                     BuildableIdentifier = "primary"
                     BlueprintIdentifier = "58D0C79223F1CE7000FE9BA7"
                     BuildableName = "MullvadVPNScreenshots.xctest"
                     BlueprintName = "MullvadVPNScreenshots"
                     ReferencedContainer = "container:MullvadVPN.xcodeproj">
                  </BuildableReference>
               </EnvironmentBuildable>
            </ActionContent>
         </ExecutionAction>
      </PostActions>
      <Testables>
         <TestableReference
            skipped = "NO">
            <BuildableReference
               BuildableIdentifier = "primary"
               BlueprintIdentifier = "58D0C79223F1CE7000FE9BA7"
               BuildableName = "MullvadVPNScreenshots.xctest"
               BlueprintName = "MullvadVPNScreenshots"
               ReferencedContainer = "container:MullvadVPN.xcodeproj">
            </BuildableReference>
         </TestableReference>
      </Testables>
   </TestAction>
   <LaunchAction
      buildConfiguration = "Debug"
      selectedDebuggerIdentifier = "Xcode.DebuggerFoundation.Debugger.LLDB"
      selectedLauncherIdentifier = "Xcode.DebuggerFoundation.Launcher.LLDB"
      launchStyle = "0"
      useCustomWorkingDirectory = "NO"
      ignoresPersistentStateOnLaunch = "NO"
      debugDocumentVersioning = "YES"
      debugServiceExtension = "internal"
      allowLocationSimulation = "YES">
   </LaunchAction>
   <ProfileAction
      buildConfiguration = "Release"
      shouldUseLaunchSchemeArgsEnv = "YES"
      savedToolIdentifier = ""
      useCustomWorkingDirectory = "NO"
      debugDocumentVersioning = "YES">
      <MacroExpansion>
         <BuildableReference
            BuildableIdentifier = "primary"
            BlueprintIdentifier = "58D0C79223F1CE7000FE9BA7"
            BuildableName = "MullvadVPNScreenshots.xctest"
            BlueprintName = "MullvadVPNScreenshots"
            ReferencedContainer = "container:MullvadVPN.xcodeproj">
         </BuildableReference>
      </MacroExpansion>
   </ProfileAction>
   <AnalyzeAction
      buildConfiguration = "Debug">
   </AnalyzeAction>
   <ArchiveAction
      buildConfiguration = "Release"
      revealArchiveInOrganizer = "YES">
   </ArchiveAction>
</Scheme>
