PODS:
  - ProcedureKit (5.2.0):
    - ProcedureKit/Standard (= 5.2.0)
  - ProcedureKit/Network (5.2.0):
    - ProcedureKit/Standard
  - ProcedureKit/Standard (5.2.0)

DEPENDENCIES:
  - ProcedureKit (= 5.2.0)
  - ProcedureKit/Network (= 5.2.0)

SPEC REPOS:
  https://github.com/cocoapods/specs.git:
    - ProcedureKit

SPEC CHECKSUMS:
  ProcedureKit: deafeab083a0c5e45e4b02379e0ffa316d03db29

PODFILE CHECKSUM: 60eba65d4e5de6e969c10d6886293366a3f97e23

COCOAPODS: 1.6.1
