Microsoft Visual Studio Solution File, Format Version 12.00
# Visual Studio Version 17
VisualStudioVersion = 17.0.32014.148
MinimumVisualStudioVersion = 10.0.40219.1
Project("{8BC9CEB8-8B4A-11D0-8D11-00A0C91BC942}") = "loader", "src\extras\loader\loader.vcxproj", "{227C50F4-D9F6-4D9A-84A0-33CE84432D0D}"
	ProjectSection(ProjectDependencies) = postProject
		{EE69EA4A-CF71-4B88-866B-957F60C4CE0D} = {EE69EA4A-CF71-4B88-866B-957F60C4CE0D}
		{89C5CDE8-04DB-4D9C-A8D8-7F786DAFB6D4} = {89C5CDE8-04DB-4D9C-A8D8-7F786DAFB6D4}
	EndProjectSection
EndProject
Project("{8BC9CEB8-8B4A-11D0-8D11-00A0C91BC942}") = "winnet", "src\winnet\winnet.vcxproj", "{89C5CDE8-04DB-4D9C-A8D8-7F786DAFB6D4}"
	ProjectSection(ProjectDependencies) = postProject
		{B52E2D10-A94A-4605-914A-2DCEF6A757EF} = {B52E2D10-A94A-4605-914A-2DCEF6A757EF}
		{EE69EA4A-CF71-4B88-866B-957F60C4CE0D} = {EE69EA4A-CF71-4B88-866B-957F60C4CE0D}
	EndProjectSection
EndProject
Project("{8BC9CEB8-8B4A-11D0-8D11-00A0C91BC942}") = "libcommon", "..\windows-libraries\src\libcommon\libcommon.vcxproj", "{B52E2D10-A94A-4605-914A-2DCEF6A757EF}"
EndProject
Project("{8BC9CEB8-8B4A-11D0-8D11-00A0C91BC942}") = "tests", "src\extras\tests\tests.vcxproj", "{01A4E766-CC61-40B7-A3D6-7A37F6BF5CCB}"
	ProjectSection(ProjectDependencies) = postProject
		{B52E2D10-A94A-4605-914A-2DCEF6A757EF} = {B52E2D10-A94A-4605-914A-2DCEF6A757EF}
		{EE69EA4A-CF71-4B88-866B-957F60C4CE0D} = {EE69EA4A-CF71-4B88-866B-957F60C4CE0D}
		{89C5CDE8-04DB-4D9C-A8D8-7F786DAFB6D4} = {89C5CDE8-04DB-4D9C-A8D8-7F786DAFB6D4}
	EndProjectSection
EndProject
Project("{8BC9CEB8-8B4A-11D0-8D11-00A0C91BC942}") = "libshared", "..\libshared\src\libshared\libshared.vcxproj", "{EE69EA4A-CF71-4B88-866B-957F60C4CE0D}"
	ProjectSection(ProjectDependencies) = postProject
		{B52E2D10-A94A-4605-914A-2DCEF6A757EF} = {B52E2D10-A94A-4605-914A-2DCEF6A757EF}
	EndProjectSection
EndProject
Global
	GlobalSection(SolutionConfigurationPlatforms) = preSolution
		Debug|x64 = Debug|x64
		Debug|x86 = Debug|x86
		Debug-AutoTests|x64 = Debug-AutoTests|x64
		Debug-AutoTests|x86 = Debug-AutoTests|x86
		Release|x64 = Release|x64
		Release|x86 = Release|x86
	EndGlobalSection
	GlobalSection(ProjectConfigurationPlatforms) = postSolution
		{227C50F4-D9F6-4D9A-84A0-33CE84432D0D}.Debug|x64.ActiveCfg = Debug|x64
		{227C50F4-D9F6-4D9A-84A0-33CE84432D0D}.Debug|x64.Build.0 = Debug|x64
		{227C50F4-D9F6-4D9A-84A0-33CE84432D0D}.Debug|x86.ActiveCfg = Debug|Win32
		{227C50F4-D9F6-4D9A-84A0-33CE84432D0D}.Debug|x86.Build.0 = Debug|Win32
		{227C50F4-D9F6-4D9A-84A0-33CE84432D0D}.Debug-AutoTests|x64.ActiveCfg = Debug|x64
		{227C50F4-D9F6-4D9A-84A0-33CE84432D0D}.Debug-AutoTests|x86.ActiveCfg = Debug|Win32
		{227C50F4-D9F6-4D9A-84A0-33CE84432D0D}.Release|x64.ActiveCfg = Release|x64
		{227C50F4-D9F6-4D9A-84A0-33CE84432D0D}.Release|x64.Build.0 = Release|x64
		{227C50F4-D9F6-4D9A-84A0-33CE84432D0D}.Release|x86.ActiveCfg = Release|Win32
		{227C50F4-D9F6-4D9A-84A0-33CE84432D0D}.Release|x86.Build.0 = Release|Win32
		{89C5CDE8-04DB-4D9C-A8D8-7F786DAFB6D4}.Debug|x64.ActiveCfg = Debug|x64
		{89C5CDE8-04DB-4D9C-A8D8-7F786DAFB6D4}.Debug|x64.Build.0 = Debug|x64
		{89C5CDE8-04DB-4D9C-A8D8-7F786DAFB6D4}.Debug|x86.ActiveCfg = Debug|Win32
		{89C5CDE8-04DB-4D9C-A8D8-7F786DAFB6D4}.Debug|x86.Build.0 = Debug|Win32
		{89C5CDE8-04DB-4D9C-A8D8-7F786DAFB6D4}.Debug-AutoTests|x64.ActiveCfg = Debug Static|x64
		{89C5CDE8-04DB-4D9C-A8D8-7F786DAFB6D4}.Debug-AutoTests|x64.Build.0 = Debug Static|x64
		{89C5CDE8-04DB-4D9C-A8D8-7F786DAFB6D4}.Debug-AutoTests|x86.ActiveCfg = Debug Static|Win32
		{89C5CDE8-04DB-4D9C-A8D8-7F786DAFB6D4}.Debug-AutoTests|x86.Build.0 = Debug Static|Win32
		{89C5CDE8-04DB-4D9C-A8D8-7F786DAFB6D4}.Release|x64.ActiveCfg = Release|x64
		{89C5CDE8-04DB-4D9C-A8D8-7F786DAFB6D4}.Release|x64.Build.0 = Release|x64
		{89C5CDE8-04DB-4D9C-A8D8-7F786DAFB6D4}.Release|x86.ActiveCfg = Release|Win32
		{89C5CDE8-04DB-4D9C-A8D8-7F786DAFB6D4}.Release|x86.Build.0 = Release|Win32
		{B52E2D10-A94A-4605-914A-2DCEF6A757EF}.Debug|x64.ActiveCfg = Debug|x64
		{B52E2D10-A94A-4605-914A-2DCEF6A757EF}.Debug|x64.Build.0 = Debug|x64
		{B52E2D10-A94A-4605-914A-2DCEF6A757EF}.Debug|x86.ActiveCfg = Debug|Win32
		{B52E2D10-A94A-4605-914A-2DCEF6A757EF}.Debug|x86.Build.0 = Debug|Win32
		{B52E2D10-A94A-4605-914A-2DCEF6A757EF}.Debug-AutoTests|x64.ActiveCfg = Debug|x64
		{B52E2D10-A94A-4605-914A-2DCEF6A757EF}.Debug-AutoTests|x64.Build.0 = Debug|x64
		{B52E2D10-A94A-4605-914A-2DCEF6A757EF}.Debug-AutoTests|x86.ActiveCfg = Debug|Win32
		{B52E2D10-A94A-4605-914A-2DCEF6A757EF}.Debug-AutoTests|x86.Build.0 = Debug|Win32
		{B52E2D10-A94A-4605-914A-2DCEF6A757EF}.Release|x64.ActiveCfg = Release|x64
		{B52E2D10-A94A-4605-914A-2DCEF6A757EF}.Release|x64.Build.0 = Release|x64
		{B52E2D10-A94A-4605-914A-2DCEF6A757EF}.Release|x86.ActiveCfg = Release|Win32
		{B52E2D10-A94A-4605-914A-2DCEF6A757EF}.Release|x86.Build.0 = Release|Win32
		{01A4E766-CC61-40B7-A3D6-7A37F6BF5CCB}.Debug|x64.ActiveCfg = Debug|x64
		{01A4E766-CC61-40B7-A3D6-7A37F6BF5CCB}.Debug|x86.ActiveCfg = Debug|Win32
		{01A4E766-CC61-40B7-A3D6-7A37F6BF5CCB}.Debug-AutoTests|x64.ActiveCfg = Debug|x64
		{01A4E766-CC61-40B7-A3D6-7A37F6BF5CCB}.Debug-AutoTests|x64.Build.0 = Debug|x64
		{01A4E766-CC61-40B7-A3D6-7A37F6BF5CCB}.Debug-AutoTests|x86.ActiveCfg = Debug|Win32
		{01A4E766-CC61-40B7-A3D6-7A37F6BF5CCB}.Debug-AutoTests|x86.Build.0 = Debug|Win32
		{01A4E766-CC61-40B7-A3D6-7A37F6BF5CCB}.Release|x64.ActiveCfg = Debug|x64
		{01A4E766-CC61-40B7-A3D6-7A37F6BF5CCB}.Release|x86.ActiveCfg = Debug|Win32
		{EE69EA4A-CF71-4B88-866B-957F60C4CE0D}.Debug|x64.ActiveCfg = Debug|x64
		{EE69EA4A-CF71-4B88-866B-957F60C4CE0D}.Debug|x64.Build.0 = Debug|x64
		{EE69EA4A-CF71-4B88-866B-957F60C4CE0D}.Debug|x86.ActiveCfg = Debug|Win32
		{EE69EA4A-CF71-4B88-866B-957F60C4CE0D}.Debug|x86.Build.0 = Debug|Win32
		{EE69EA4A-CF71-4B88-866B-957F60C4CE0D}.Debug-AutoTests|x64.ActiveCfg = Debug|x64
		{EE69EA4A-CF71-4B88-866B-957F60C4CE0D}.Debug-AutoTests|x64.Build.0 = Debug|x64
		{EE69EA4A-CF71-4B88-866B-957F60C4CE0D}.Debug-AutoTests|x86.ActiveCfg = Debug|Win32
		{EE69EA4A-CF71-4B88-866B-957F60C4CE0D}.Debug-AutoTests|x86.Build.0 = Debug|Win32
		{EE69EA4A-CF71-4B88-866B-957F60C4CE0D}.Release|x64.ActiveCfg = Release|x64
		{EE69EA4A-CF71-4B88-866B-957F60C4CE0D}.Release|x64.Build.0 = Release|x64
		{EE69EA4A-CF71-4B88-866B-957F60C4CE0D}.Release|x86.ActiveCfg = Release|Win32
		{EE69EA4A-CF71-4B88-866B-957F60C4CE0D}.Release|x86.Build.0 = Release|Win32
	EndGlobalSection
	GlobalSection(SolutionProperties) = preSolution
		HideSolutionNode = FALSE
	EndGlobalSection
	GlobalSection(ExtensibilityGlobals) = postSolution
		SolutionGuid = {B11B65B3-3DA6-495C-B0F5-5ACBB2F1743D}
	EndGlobalSection
EndGlobal
