Microsoft Visual Studio Solution File, Format Version 12.00
# Visual Studio Version 17
VisualStudioVersion = 17.0.32014.148
MinimumVisualStudioVersion = 10.0.40219.1
Project("{8BC9CEB8-8B4A-11D0-8D11-00A0C91BC942}") = "cleanup", "src\cleanup\cleanup.vcxproj", "{47B5C1C1-67D7-4544-9037-8E7F44C1E5BD}"
	ProjectSection(ProjectDependencies) = postProject
		{B52E2D10-A94A-4605-914A-2DCEF6A757EF} = {B52E2D10-A94A-4605-914A-2DCEF6A757EF}
	EndProjectSection
EndProject
Project("{8BC9CEB8-8B4A-11D0-8D11-00A0C91BC942}") = "log", "src\log\log.vcxproj", "{1344152F-2BAD-4198-8E51-31AAC32BFBB2}"
	ProjectSection(ProjectDependencies) = postProject
		{B52E2D10-A94A-4605-914A-2DCEF6A757EF} = {B52E2D10-A94A-4605-914A-2DCEF6A757EF}
	EndProjectSection
EndProject
Project("{8BC9CEB8-8B4A-11D0-8D11-00A0C91BC942}") = "libcommon", "..\windows-libraries\src\libcommon\libcommon.vcxproj", "{B52E2D10-A94A-4605-914A-2DCEF6A757EF}"
EndProject
Project("{8BC9CEB8-8B4A-11D0-8D11-00A0C91BC942}") = "registry", "src\registry\registry.vcxproj", "{756DEBA7-E499-43DF-B5AB-C8F98145D603}"
	ProjectSection(ProjectDependencies) = postProject
		{B52E2D10-A94A-4605-914A-2DCEF6A757EF} = {B52E2D10-A94A-4605-914A-2DCEF6A757EF}
	EndProjectSection
EndProject
Project("{8BC9CEB8-8B4A-11D0-8D11-00A0C91BC942}") = "tray", "src\tray\tray.vcxproj", "{E3E05654-D5D6-4D39-A9B4-BB14B012C5FF}"
	ProjectSection(ProjectDependencies) = postProject
		{B52E2D10-A94A-4605-914A-2DCEF6A757EF} = {B52E2D10-A94A-4605-914A-2DCEF6A757EF}
		{1344152F-2BAD-4198-8E51-31AAC32BFBB2} = {1344152F-2BAD-4198-8E51-31AAC32BFBB2}
	EndProjectSection
EndProject
Project("{8BC9CEB8-8B4A-11D0-8D11-00A0C91BC942}") = "pathedit", "src\pathedit\pathedit.vcxproj", "{EF53BD9F-6D69-42BB-8635-958531776283}"
	ProjectSection(ProjectDependencies) = postProject
		{B52E2D10-A94A-4605-914A-2DCEF6A757EF} = {B52E2D10-A94A-4605-914A-2DCEF6A757EF}
	EndProjectSection
EndProject
Project("{2150E333-8FDC-42A3-9474-1A3956D46DE8}") = "Solution Items", "Solution Items", "{00D73E7B-7B59-402E-B6AA-48E87B0711DB}"
	ProjectSection(SolutionItems) = preProject
		src\error.h = src\error.h
	EndProjectSection
EndProject
Project("{8BC9CEB8-8B4A-11D0-8D11-00A0C91BC942}") = "string", "src\string\string.vcxproj", "{645B4CB5-623A-41CC-8B05-2268A5AE6C47}"
	ProjectSection(ProjectDependencies) = postProject
		{B52E2D10-A94A-4605-914A-2DCEF6A757EF} = {B52E2D10-A94A-4605-914A-2DCEF6A757EF}
	EndProjectSection
EndProject
Global
	GlobalSection(SolutionConfigurationPlatforms) = preSolution
		Debug|x86 = Debug|x86
		Release|x86 = Release|x86
	EndGlobalSection
	GlobalSection(ProjectConfigurationPlatforms) = postSolution
		{47B5C1C1-67D7-4544-9037-8E7F44C1E5BD}.Debug|x86.ActiveCfg = Debug|Win32
		{47B5C1C1-67D7-4544-9037-8E7F44C1E5BD}.Debug|x86.Build.0 = Debug|Win32
		{47B5C1C1-67D7-4544-9037-8E7F44C1E5BD}.Release|x86.ActiveCfg = Release|Win32
		{47B5C1C1-67D7-4544-9037-8E7F44C1E5BD}.Release|x86.Build.0 = Release|Win32
		{1344152F-2BAD-4198-8E51-31AAC32BFBB2}.Debug|x86.ActiveCfg = Debug|Win32
		{1344152F-2BAD-4198-8E51-31AAC32BFBB2}.Debug|x86.Build.0 = Debug|Win32
		{1344152F-2BAD-4198-8E51-31AAC32BFBB2}.Release|x86.ActiveCfg = Release|Win32
		{1344152F-2BAD-4198-8E51-31AAC32BFBB2}.Release|x86.Build.0 = Release|Win32
		{B52E2D10-A94A-4605-914A-2DCEF6A757EF}.Debug|x86.ActiveCfg = Debug|Win32
		{B52E2D10-A94A-4605-914A-2DCEF6A757EF}.Debug|x86.Build.0 = Debug|Win32
		{B52E2D10-A94A-4605-914A-2DCEF6A757EF}.Release|x86.ActiveCfg = Release|Win32
		{B52E2D10-A94A-4605-914A-2DCEF6A757EF}.Release|x86.Build.0 = Release|Win32
		{756DEBA7-E499-43DF-B5AB-C8F98145D603}.Debug|x86.ActiveCfg = Debug|Win32
		{756DEBA7-E499-43DF-B5AB-C8F98145D603}.Debug|x86.Build.0 = Debug|Win32
		{756DEBA7-E499-43DF-B5AB-C8F98145D603}.Release|x86.ActiveCfg = Release|Win32
		{756DEBA7-E499-43DF-B5AB-C8F98145D603}.Release|x86.Build.0 = Release|Win32
		{E3E05654-D5D6-4D39-A9B4-BB14B012C5FF}.Debug|x86.ActiveCfg = Debug|Win32
		{E3E05654-D5D6-4D39-A9B4-BB14B012C5FF}.Debug|x86.Build.0 = Debug|Win32
		{E3E05654-D5D6-4D39-A9B4-BB14B012C5FF}.Release|x86.ActiveCfg = Release|Win32
		{E3E05654-D5D6-4D39-A9B4-BB14B012C5FF}.Release|x86.Build.0 = Release|Win32
		{EF53BD9F-6D69-42BB-8635-958531776283}.Debug|x86.ActiveCfg = Debug|Win32
		{EF53BD9F-6D69-42BB-8635-958531776283}.Debug|x86.Build.0 = Debug|Win32
		{EF53BD9F-6D69-42BB-8635-958531776283}.Release|x86.ActiveCfg = Release|Win32
		{EF53BD9F-6D69-42BB-8635-958531776283}.Release|x86.Build.0 = Release|Win32
		{645B4CB5-623A-41CC-8B05-2268A5AE6C47}.Debug|x86.ActiveCfg = Debug|Win32
		{645B4CB5-623A-41CC-8B05-2268A5AE6C47}.Debug|x86.Build.0 = Debug|Win32
		{645B4CB5-623A-41CC-8B05-2268A5AE6C47}.Release|x86.ActiveCfg = Release|Win32
		{645B4CB5-623A-41CC-8B05-2268A5AE6C47}.Release|x86.Build.0 = Release|Win32
	EndGlobalSection
	GlobalSection(SolutionProperties) = preSolution
		HideSolutionNode = FALSE
	EndGlobalSection
	GlobalSection(ExtensibilityGlobals) = postSolution
		SolutionGuid = {11627485-765E-49C6-B059-B031D99CDD7B}
	EndGlobalSection
EndGlobal
