golang.org/x/crypto v0.0.0-20220722155217-630584e8d5aa h1:zuSxTR4o9y82ebqCUJYNGJbGPo6sKVl54f/TVDObg1c=
golang.org/x/crypto v0.0.0-20220722155217-630584e8d5aa/go.mod h1:IxCIyHEi3zRg3s0A5j5BB6A9Jmi73HwBIUl50j+osU4=
golang.org/x/net v0.0.0-20220809184613-07c6da5e1ced h1:3dYNDff0VT5xj+mbj2XucFst9WKk6PdGOrb9n+SbIvw=
golang.org/x/net v0.0.0-20220809184613-07c6da5e1ced/go.mod h1:YDH+HFinaLZZlnHAfSS6ZXJJ9M9t4Dl22yv3iI2vPwk=
golang.org/x/sys v0.0.0-20220808155132-1c4a2a72c664 h1:v1W7bwXHsnLLloWYTVEdvGvA7BHMeBYsPcF0GLDxIRs=
golang.org/x/sys v0.0.0-20220808155132-1c4a2a72c664/go.mod h1:oPkhp1MJrh7nUepCBck5+mAzfO9JrbApNNgaTdGDITg=
golang.org/x/sys v0.2.0 h1:ljd4t30dBnAvMZaQCevtY0xLLD0A+bRZXbgLMLU1F/A=
golang.org/x/sys v0.2.0/go.mod h1:oPkhp1MJrh7nUepCBck5+mAzfO9JrbApNNgaTdGDITg=
golang.org/x/sys v0.6.0 h1:MVltZSvRTcU2ljQOhs94SXPftV6DCNnZViHeQps87pQ=
golang.org/x/sys v0.6.0/go.mod h1:oPkhp1MJrh7nUepCBck5+mAzfO9JrbApNNgaTdGDITg=
golang.zx2c4.com/wireguard v0.0.0-20220703234212-c31a7b1ab478 h1:vDy//hdR+GnROE3OdYbQKt9rdtNdHkDtONvpRwmls/0=
golang.zx2c4.com/wireguard v0.0.0-20220703234212-c31a7b1ab478/go.mod h1:bVQfyl2sCM/QIIGHpWbFGfHPuDvqnCNkT6MQLTCjO/U=
golang.zx2c4.com/wireguard v0.0.0-20230223181233-21636207a675 h1:/J/RVnr7ng4fWPRH3xa4WtBJ1Jp+Auu4YNLmGiPv5QU=
golang.zx2c4.com/wireguard v0.0.0-20230223181233-21636207a675/go.mod h1:whfbyDBt09xhCYQWtO2+3UVjlaq6/9hDZrjg2ZE6SyA=
