{
  "name": "nseventforwarder",
  "version": "0.1.0",
  "lockfileVersion": 3,
  "requires": true,
  "packages": {
    "": {
      "name": "nseventforwarder",
      "version": "0.1.0",
      "license": "GPL-3.0",
      "dependencies": {
        "@neon-rs/load": "^0.1.73"
      },
      "devDependencies": {
        "@neon-rs/cli": "^0.1.73",
        "@tsconfig/node20": "^20.1.4",
        "@types/node": "^20.11.16",
        "typescript": "^5.3.3"
      }
    },
    "node_modules/@cargo-messages/android-arm-eabi": {
      "version": "0.1.80",
      "resolved": "https://registry.npmjs.org/@cargo-messages/android-arm-eabi/-/android-arm-eabi-0.1.80.tgz",
      "integrity": "sha512-QawKsQCs8rYqtq8JSEQBLuX/Tb4FcMVzg8ykSxqYy0qrgunr26MCqxGSsgzTUu4S7y3OH3RXN9lD+/JJZJB81w==",
      "cpu": [
        "arm"
      ],
      "dev": true,
      "optional": true,
      "os": [
        "android"
      ]
    },
    "node_modules/@cargo-messages/darwin-arm64": {
      "version": "0.1.80",
      "resolved": "https://registry.npmjs.org/@cargo-messages/darwin-arm64/-/darwin-arm64-0.1.80.tgz",
      "integrity": "sha512-l7s5I90Eol597qEfbQn6P7EFyxcedRpcwjXAPOqjTR7D7dHzMIxVXeLmYeiwSUsebTeQ9FWBi5H9thxJDJdShw==",
      "cpu": [
        "arm64"
      ],
      "dev": true,
      "optional": true,
      "os": [
        "darwin"
      ]
    },
    "node_modules/@cargo-messages/darwin-x64": {
      "version": "0.1.80",
      "resolved": "https://registry.npmjs.org/@cargo-messages/darwin-x64/-/darwin-x64-0.1.80.tgz",
      "integrity": "sha512-B8d5wjp3WosHh95nHX+MKHdb2n2/0PlajkuuULLy8sDPbC83mBoGQ6m15cY3g3nGiB9Wsot1GR6QkyaEVYZ5HQ==",
      "cpu": [
        "x64"
      ],
      "dev": true,
      "optional": true,
      "os": [
        "darwin"
      ]
    },
    "node_modules/@cargo-messages/linux-arm-gnueabihf": {
      "version": "0.1.80",
      "resolved": "https://registry.npmjs.org/@cargo-messages/linux-arm-gnueabihf/-/linux-arm-gnueabihf-0.1.80.tgz",
      "integrity": "sha512-q4vm0QJesAzMm0iOmTOMPQjVTgkQZCr1+NKluTb4343VDRceRQ6Hb01dzT2nm7dvsZYltP38WrsLavbrbXj08Q==",
      "cpu": [
        "arm"
      ],
      "dev": true,
      "optional": true,
      "os": [
        "linux"
      ]
    },
    "node_modules/@cargo-messages/linux-arm64-gnu": {
      "version": "0.1.80",
      "resolved": "https://registry.npmjs.org/@cargo-messages/linux-arm64-gnu/-/linux-arm64-gnu-0.1.80.tgz",
      "integrity": "sha512-fz7iaDWF0dK51Dg9+UzHNMHt28jTU27OZLDXHwKhWsf6VSJUAmAaM5auwTjhUbF0HXKxueak6i4MdswyArcy3A==",
      "cpu": [
        "arm64"
      ],
      "dev": true,
      "optional": true,
      "os": [
        "linux"
      ]
    },
    "node_modules/@cargo-messages/linux-arm64-musl": {
      "version": "0.1.80",
      "resolved": "https://registry.npmjs.org/@cargo-messages/linux-arm64-musl/-/linux-arm64-musl-0.1.80.tgz",
      "integrity": "sha512-jgDDHZvWg3242zGwwlw9zx/tjMZEIjzef77T68p6BYSIlqEh8Xmla7rYO7QqaxsSdhs9QcJLLrWiAzOT2bkPYg==",
      "cpu": [
        "arm64"
      ],
      "dev": true,
      "optional": true,
      "os": [
        "linux"
      ]
    },
    "node_modules/@cargo-messages/linux-x64-gnu": {
      "version": "0.1.80",
      "resolved": "https://registry.npmjs.org/@cargo-messages/linux-x64-gnu/-/linux-x64-gnu-0.1.80.tgz",
      "integrity": "sha512-Ku5OyfoxBdcQ7tYUyL7iBCZ46l7Tl0MDAmf9V/7D4K/NLIg02ducK1wrCQ+MaUAJu2pxu7gTgfR6SGeZtQOYoA==",
      "cpu": [
        "x64"
      ],
      "dev": true,
      "optional": true,
      "os": [
        "linux"
      ]
    },
    "node_modules/@cargo-messages/linux-x64-musl": {
      "version": "0.1.80",
      "resolved": "https://registry.npmjs.org/@cargo-messages/linux-x64-musl/-/linux-x64-musl-0.1.80.tgz",
      "integrity": "sha512-/e5oQ6kSzEjdfzznqsMOtgqMc01MWYGI0yEn1iMwgB8K+cN9ma/sTXMVpKw7PRov2lQWCuSIhG3WZeF+PmloGA==",
      "cpu": [
        "x64"
      ],
      "dev": true,
      "optional": true,
      "os": [
        "linux"
      ]
    },
    "node_modules/@cargo-messages/win32-arm64-msvc": {
      "version": "0.1.80",
      "resolved": "https://registry.npmjs.org/@cargo-messages/win32-arm64-msvc/-/win32-arm64-msvc-0.1.80.tgz",
      "integrity": "sha512-8f8skn92zZDhZ74nh1ODp9eqV1XsGPlHITny+BQ+pOls0b62G39ECIkcdlGVeG0qBrR+8aJ6Tnr8KjqZXv7kwQ==",
      "cpu": [
        "arm64"
      ],
      "dev": true,
      "optional": true,
      "os": [
        "win32"
      ]
    },
    "node_modules/@cargo-messages/win32-x64-msvc": {
      "version": "0.1.80",
      "resolved": "https://registry.npmjs.org/@cargo-messages/win32-x64-msvc/-/win32-x64-msvc-0.1.80.tgz",
      "integrity": "sha512-L6sM4HDOM09egXhyYhb1X9/IJZ056HHSfmEHCnnLw0NN5eotOhQS/Mp2rBmttMs6OAPjci4ugrNnTQcqzVd0BQ==",
      "cpu": [
        "x64"
      ],
      "dev": true,
      "optional": true,
      "os": [
        "win32"
      ]
    },
    "node_modules/@neon-rs/cli": {
      "version": "0.1.81",
      "resolved": "https://registry.npmjs.org/@neon-rs/cli/-/cli-0.1.81.tgz",
      "integrity": "sha512-7mfLsXjXBEypMn+AxdIkCGJNdX2i9NWbeZgLKdOUcFrEnvQAAcx8pjtouxL3a/AFKYRu4QKucnFO3G+07aydtg==",
      "dev": true,
      "bin": {
        "neon": "index.js"
      },
      "optionalDependencies": {
        "@cargo-messages/android-arm-eabi": "0.1.80",
        "@cargo-messages/darwin-arm64": "0.1.80",
        "@cargo-messages/darwin-x64": "0.1.80",
        "@cargo-messages/linux-arm-gnueabihf": "0.1.80",
        "@cargo-messages/linux-arm64-gnu": "0.1.80",
        "@cargo-messages/linux-arm64-musl": "0.1.80",
        "@cargo-messages/linux-x64-gnu": "0.1.80",
        "@cargo-messages/linux-x64-musl": "0.1.80",
        "@cargo-messages/win32-arm64-msvc": "0.1.80",
        "@cargo-messages/win32-x64-msvc": "0.1.80"
      }
    },
    "node_modules/@neon-rs/load": {
      "version": "0.1.81",
      "resolved": "https://registry.npmjs.org/@neon-rs/load/-/load-0.1.81.tgz",
      "integrity": "sha512-A6w26BOWkFNXw04nfmcC75mLiPd3HPYC/PAuNDlXswvNb/rf55qXpTqGSz2txJmc7V8UDfIE1CAq5FUjL9wOmQ=="
    },
    "node_modules/@tsconfig/node20": {
      "version": "20.1.4",
      "resolved": "https://registry.npmjs.org/@tsconfig/node20/-/node20-20.1.4.tgz",
      "integrity": "sha512-sqgsT69YFeLWf5NtJ4Xq/xAF8p4ZQHlmGW74Nu2tD4+g5fAsposc4ZfaaPixVu4y01BEiDCWLRDCvDM5JOsRxg==",
      "dev": true
    },
    "node_modules/@types/node": {
      "version": "20.16.10",
      "resolved": "https://registry.npmjs.org/@types/node/-/node-20.16.10.tgz",
      "integrity": "sha512-vQUKgWTjEIRFCvK6CyriPH3MZYiYlNy0fKiEYHWbcoWLEgs4opurGGKlebrTLqdSMIbXImH6XExNiIyNUv3WpA==",
      "dev": true,
      "dependencies": {
        "undici-types": "~6.19.2"
      }
    },
    "node_modules/typescript": {
      "version": "5.6.2",
      "resolved": "https://registry.npmjs.org/typescript/-/typescript-5.6.2.tgz",
      "integrity": "sha512-NW8ByodCSNCwZeghjN3o+JX5OFH0Ojg6sadjEKY4huZ52TqbJTJnDo5+Tw98lSy63NZvi4n+ez5m2u5d4PkZyw==",
      "dev": true,
      "bin": {
        "tsc": "bin/tsc",
        "tsserver": "bin/tsserver"
      },
      "engines": {
        "node": ">=14.17"
      }
    },
    "node_modules/undici-types": {
      "version": "6.19.8",
      "resolved": "https://registry.npmjs.org/undici-types/-/undici-types-6.19.8.tgz",
      "integrity": "sha512-ve2KP6f/JnbPBFyobGHuerC9g1FYGn/F8n1LWTwNxCEzd6IfqTwUQcNXgEtmmQ6DlRrC1hrSrBnCZPokRrDHjw==",
      "dev": true
    }
  }
}
