<?xml version="1.0" encoding="utf-8"?>
<Project ToolsVersion="4.0" xmlns="http://schemas.microsoft.com/developer/msbuild/2003">
  <ItemGroup>
    <ClCompile Include="stdafx.cpp" />
    <ClCompile Include="verifier.cpp" />
    <ClCompile Include="..\..\windns\interfacesnap.cpp">
      <Filter>borrowed</Filter>
    </ClCompile>
    <ClCompile Include="..\..\windns\registrypaths.cpp">
      <Filter>borrowed</Filter>
    </ClCompile>
  </ItemGroup>
  <ItemGroup>
    <ClInclude Include="stdafx.h" />
    <ClInclude Include="targetver.h" />
  </ItemGroup>
  <ItemGroup>
    <Filter Include="borrowed">
      <UniqueIdentifier>{2950faf7-32b2-4f62-9470-974c71724d40}</UniqueIdentifier>
    </Filter>
  </ItemGroup>
</Project>